<?xml version="1.0" encoding="UTF-8" standalone="yes" ?>
<CodeBlocks_project_file>
	<FileVersion major="1" minor="6" />
	<Project>
		<Option title="Contest" />
		<Option pch_mode="2" />
		<Option compiler="gcc" />
		<Build>
			<Target title="Debug">
				<Option output="bin/Debug/Contest" prefix_auto="1" extension_auto="1" />
				<Option object_output="obj/Debug/" />
				<Option type="1" />
				<Option compiler="gcc" />
				<Compiler>
					<Add option="-g" />
				</Compiler>
			</Target>
			<Target title="Release">
				<Option output="bin/Release/Contest" prefix_auto="1" extension_auto="1" />
				<Option object_output="obj/Release/" />
				<Option type="1" />
				<Option compiler="gcc" />
				<Compiler>
					<Add option="-O2" />
				</Compiler>
				<Linker>
					<Add option="-s" />
				</Linker>
			</Target>
		</Build>
		<Compiler>
			<Add option="-Wall" />
			<Add option="-fexceptions" />
		</Compiler>
		<Unit filename="Factorial Power.cpp" />
		<Unit filename="Sawmill Scheme.cpp" />
		<Unit filename="Template.cpp" />
		<Unit filename="Templates/Binary Index Tree.cpp" />
		<Unit filename="Templates/Disjoint Set.cpp" />
		<Unit filename="Templates/Fast Scan Negative.cpp" />
		<Unit filename="Templates/HLD.cpp" />
		<Unit filename="Templates/LCA.cpp" />
		<Unit filename="Templates/Lazy Propagation Seg Tree.cpp" />
		<Unit filename="Templates/Seg Tree.cpp" />
		<Unit filename="Templates/Tarjan.cpp" />
		<Unit filename="Templates/Template.cpp" />
		<Unit filename="Uncatagorized/3n+1.cpp" />
		<Unit filename="Uncatagorized/A plus B two.cpp" />
		<Unit filename="Uncatagorized/ADACHERY.cpp" />
		<Unit filename="Uncatagorized/Divisibility by 11.cpp" />
		<Unit filename="Uncatagorized/aplusb2.cpp" />
		<Unit filename="Uncatagorized/bf3hard.cpp" />
		<Unit filename="Uncatagorized/digitsum.cpp" />
		<Unit filename="apio/apio12p1.cpp" />
		<Unit filename="apio/apio16p1.cpp" />
		<Unit filename="bts/bts16p5.cpp" />
		<Unit filename="bts/bts16p7.cpp" />
		<Unit filename="bts/bts17p1.cpp" />
		<Unit filename="bts/bts17p2.cpp" />
		<Unit filename="bts/bts17p4.cpp" />
		<Unit filename="bts/bts17p6.cpp" />
		<Unit filename="bts/bts17p7.cpp" />
		<Unit filename="bts/bts17p8.cpp" />
		<Unit filename="ccc/ccc03s5.cpp" />
		<Unit filename="ccc/ccc04s5.cpp" />
		<Unit filename="ccc/ccc05s5.cpp" />
		<Unit filename="ccc/ccc08s4.cpp" />
		<Unit filename="ccc/ccc09s4.cpp" />
		<Unit filename="ccc/ccc12s4.cpp" />
		<Unit filename="ccc/ccc13s5.cpp" />
		<Unit filename="ccc/ccc14s5.cpp" />
		<Unit filename="ccc/ccc15j5.cpp" />
		<Unit filename="ccc/ccc15s3.cpp" />
		<Unit filename="ccc/ccc15s4.cpp" />
		<Unit filename="ccc/ccc16s3.cpp" />
		<Unit filename="ccc/ccc17s4.cpp" />
		<Unit filename="ccc/ccc17s5.cpp" />
		<Unit filename="ccc/ccc18j5.cpp" />
		<Unit filename="ccc/ccc18p4.cpp" />
		<Unit filename="ccc/ccc18s1.cpp" />
		<Unit filename="ccc/ccc18s2.cpp" />
		<Unit filename="ccc/ccc18s3.cpp" />
		<Unit filename="ccc/ccc18s5.cpp" />
		<Unit filename="cco/cco08p5.cpp" />
		<Unit filename="cco/cco10p3.cpp" />
		<Unit filename="cco/cco11p2.cpp" />
		<Unit filename="cco/cco11p4.cpp" />
		<Unit filename="cco/cco12p2.cpp" />
		<Unit filename="cco/cco13p2.cpp" />
		<Unit filename="cco/cco14p2.cpp" />
		<Unit filename="cco/cco15p4.cpp" />
		<Unit filename="cco/cco16p1.cpp" />
		<Unit filename="cco/cco17p6.cpp" />
		<Unit filename="cco/ccoprep16c2q2.cpp" />
		<Unit filename="cco/ccoprep16c2q3.cpp" />
		<Unit filename="cco/ccoprep1p3.cpp" />
		<Unit filename="cco/ccoqr16p2.cpp" />
		<Unit filename="coci/coci06c3p5.cpp" />
		<Unit filename="coci/coci14c1p5.cpp" />
		<Unit filename="coci/coci14c3p4.cpp" />
		<Unit filename="coci/coci14c7p5.cpp" />
		<Unit filename="coci/coci15c2p5.cpp" />
		<Unit filename="codejam/codejam18qrp1.cpp" />
		<Unit filename="codejam/codejam18qrp2.cpp" />
		<Unit filename="codejam/codejam18qrp4.cpp" />
		<Unit filename="data structures/ds1.cpp" />
		<Unit filename="data structures/ds2.cpp" />
		<Unit filename="data structures/ds3.cpp" />
		<Unit filename="dmopc14c4p5.cpp" />
		<Unit filename="dmopc/dmopc13c1p5.cpp" />
		<Unit filename="dmopc/dmopc13c3p5.cpp" />
		<Unit filename="dmopc/dmopc14c2p6.cpp" />
		<Unit filename="dmopc/dmopc14c3p5.cpp" />
		<Unit filename="dmopc/dmopc14c4p6.cpp" />
		<Unit filename="dmopc/dmopc15c1p6.cpp" />
		<Unit filename="dmopc/dmopc15c2p5.cpp" />
		<Unit filename="dmopc/dmopc15c3p5.cpp" />
		<Unit filename="dmopc/dmopc15c6p6.cpp" />
		<Unit filename="dmopc/dmopc15c7p5.cpp" />
		<Unit filename="dmopc/dmopc16c4p3.cpp" />
		<Unit filename="dmopc/dmopc16c4p6.cpp" />
		<Unit filename="dmopc/dmopc17c1p1.cpp" />
		<Unit filename="dmopc/dmopc17c1p2.cpp" />
		<Unit filename="dmopc/dmopc17c1p3.cpp" />
		<Unit filename="dmopc/dmopc17c1p4.cpp" />
		<Unit filename="dmopc/dmopc17c3p0.cpp" />
		<Unit filename="dmopc/dmopc17c3p1.cpp" />
		<Unit filename="dmopc/dmopc17c3p2.cpp" />
		<Unit filename="dmopc/dmopc17c3p3.cpp" />
		<Unit filename="dmopc/dmopc17c3p4.cpp" />
		<Unit filename="dmopc/dmopc17c3p5.cpp" />
		<Unit filename="dmopc/dmopc17c3p6.cpp" />
		<Unit filename="dmopc/dmopc17c4p0.cpp" />
		<Unit filename="dmopc/dmopc17c4p1.cpp" />
		<Unit filename="dmopc/dmopc17c4p3.cpp" />
		<Unit filename="dmopc/dmopc17c4p5.cpp" />
		<Unit filename="dmopc/dmopc17c4p6.cpp" />
		<Unit filename="dmopc/dmopc17c5p4.cpp" />
		<Unit filename="dmpg/dmpg15g4.cpp" />
		<Unit filename="dmpg/dmpg15s5.cpp" />
		<Unit filename="dmpg/dmpg15s6.cpp" />
		<Unit filename="dmpg/dmpg17g1.cpp" />
		<Unit filename="dmpg/dmpg17g2.cpp" />
		<Unit filename="dmpg/dmpg17s2.cpp" />
		<Unit filename="dwite/dwitesep09p1.cpp" />
		<Unit filename="ecna00a.cpp" />
		<Unit filename="gfssoc2s5.cpp" />
		<Unit filename="ioi01p1.cpp" />
		<Unit filename="joi14p1.cpp" />
		<Unit filename="linked.cpp" />
		<Unit filename="mcco17p2.cpp" />
		<Unit filename="mcco17p4.cpp" />
		<Unit filename="mmcc14p2.cpp" />
		<Unit filename="mnycp6.cpp" />
		<Unit filename="mwc15c2p2.cpp" />
		<Unit filename="nccc2s5.cpp" />
		<Unit filename="new year/year2018p1.cpp" />
		<Unit filename="new year/year2018p2.cpp" />
		<Unit filename="new year/year2018p3.cpp" />
		<Unit filename="new year/year2018p4.cpp" />
		<Unit filename="new year/year2018p5.cpp" />
		<Unit filename="new year/year2018p6.cpp" />
		<Unit filename="new year/year2018p8.cpp" />
		<Unit filename="phantom3.cpp" />
		<Unit filename="raytracing.cpp" />
		<Unit filename="rte/rte16s2.cpp" />
		<Unit filename="rte/rte16s3.cpp" />
		<Unit filename="si17c3p5.cpp" />
		<Unit filename="thicc17p6.cpp" />
		<Unit filename="tle/tle17c1p1.cpp" />
		<Unit filename="tle/tle17c1p2.cpp" />
		<Unit filename="tle/tle17c3p2.cpp" />
		<Unit filename="tle/tle17c3p5.cpp" />
		<Unit filename="tle/tle17c4p1.cpp" />
		<Unit filename="tle/tle17c4p2.cpp" />
		<Unit filename="tle/tle17c4p3.cpp" />
		<Unit filename="tle/tle17c4p5.cpp" />
		<Unit filename="tle/tle17c5p1.cpp" />
		<Unit filename="tle/tle17c5p2.cpp" />
		<Unit filename="tle/tle17c5p3.cpp" />
		<Unit filename="tree2.cpp" />
		<Unit filename="utso15p5.cpp" />
		<Unit filename="vmss7wc15c2p3.cpp" />
		<Unit filename="wc/wc171s1.cpp" />
		<Unit filename="wc/wc171s2.cpp" />
		<Unit filename="wc/wc171s3.cpp" />
		<Unit filename="wc/wc171s4.cpp" />
		<Unit filename="wc/wc172s1.cpp" />
		<Unit filename="wc/wc172s2.cpp" />
		<Unit filename="wc/wc172s3.cpp" />
		<Unit filename="wc/wc174s1.cpp" />
		<Unit filename="wc/wc174s2.cpp" />
		<Unit filename="wc/wc174s4.cpp" />
		<Extensions>
			<code_completion />
			<envvars />
			<debugger />
			<lib_finder disable_auto="1" />
		</Extensions>
	</Project>
</CodeBlocks_project_file>
