
Microsoft Visual Studio Solution File, Format Version 12.00
# Visual Studio 14
VisualStudioVersion = 14.0.25123.0
MinimumVisualStudioVersion = 10.0.40219.1
Project("{8BC9CEB8-8B4A-11D0-8D11-00A0C91BC942}") = "tle17c3p1", "tle17c3p1\tle17c3p1.vcxproj", "{612037F5-BA60-4E2A-9963-24F93DBA55D2}"
EndProject
Project("{8BC9CEB8-8B4A-11D0-8D11-00A0C91BC942}") = "tle17c3p2e", "tle17c3p2e\tle17c3p2e.vcxproj", "{9393971F-BB53-4A1B-A501-25539B7584F3}"
EndProject
Project("{8BC9CEB8-8B4A-11D0-8D11-00A0C91BC942}") = "tree2", "tree2\tree2.vcxproj", "{DDAC8FFA-DCF6-461D-AD6A-E7B8878FDC54}"
EndProject
Project("{8BC9CEB8-8B4A-11D0-8D11-00A0C91BC942}") = "raytracing", "raytracing\raytracing.vcxproj", "{53280656-0C25-4753-874E-CE6C3A8F920E}"
EndProject
Project("{8BC9CEB8-8B4A-11D0-8D11-00A0C91BC942}") = "ccoprep1p3", "ccoprep1p3\ccoprep1p3.vcxproj", "{F9B1C580-AA78-4D6F-B3EC-40DA31C49544}"
EndProject
Project("{8BC9CEB8-8B4A-11D0-8D11-00A0C91BC942}") = "dmopc14c2p6", "dmopc14c2p6\dmopc14c2p6.vcxproj", "{0B6416B9-895E-4040-A7D4-19239BCD773E}"
EndProject
Project("{8BC9CEB8-8B4A-11D0-8D11-00A0C91BC942}") = "dmopc17c3p0", "dmopc17c3p0\dmopc17c3p0.vcxproj", "{972F970C-9B66-467A-8D96-E5F3C311B0AA}"
EndProject
Project("{8BC9CEB8-8B4A-11D0-8D11-00A0C91BC942}") = "dmopc17c3p1", "dmopc17c3p1\dmopc17c3p1.vcxproj", "{5714CB3B-7364-4D9A-95CC-F52F66B370A0}"
EndProject
Project("{8BC9CEB8-8B4A-11D0-8D11-00A0C91BC942}") = "dmopc17c3p2", "dmopc17c3p2\dmopc17c3p2.vcxproj", "{3148C5D1-4E33-4FE2-89E1-84EC02CD79D0}"
EndProject
Project("{8BC9CEB8-8B4A-11D0-8D11-00A0C91BC942}") = "dmopc17c3p3", "dmopc17c3p3\dmopc17c3p3.vcxproj", "{48B959C9-6161-43F3-9449-F22FAFB3576D}"
EndProject
Project("{8BC9CEB8-8B4A-11D0-8D11-00A0C91BC942}") = "dmopc17c3p6", "dmopc17c3p6\dmopc17c3p6.vcxproj", "{9A6CCFC3-09E1-4017-88AF-5CEA821FAA39}"
EndProject
Project("{8BC9CEB8-8B4A-11D0-8D11-00A0C91BC942}") = "dmopc17c3p4", "dmopc17c3p4\dmopc17c3p4.vcxproj", "{4BFB0765-079C-4497-90F7-2006CF20E633}"
EndProject
Project("{8BC9CEB8-8B4A-11D0-8D11-00A0C91BC942}") = "dmopc17c3p5", "dmopc17c3p5\dmopc17c3p5.vcxproj", "{B8A4D47E-B680-47D6-81BE-82C99439B59A}"
EndProject
Project("{8BC9CEB8-8B4A-11D0-8D11-00A0C91BC942}") = "ccoqr16p2", "ccoqr16p2\ccoqr16p2.vcxproj", "{E66505F5-87A7-49BB-A51E-08D2CAFD9586}"
EndProject
Project("{8BC9CEB8-8B4A-11D0-8D11-00A0C91BC942}") = "si17c3p5", "si17c3p5\si17c3p5.vcxproj", "{6FE3443E-955F-43A7-95B0-6B489520F6C1}"
EndProject
Project("{8BC9CEB8-8B4A-11D0-8D11-00A0C91BC942}") = "coci06c3p5", "coci06c3p5\coci06c3p5.vcxproj", "{B22BCCA2-9ADB-43E4-931D-BFBF2017A4D6}"
EndProject
Project("{8BC9CEB8-8B4A-11D0-8D11-00A0C91BC942}") = "coci14c3p4", "coci14c3p4\coci14c3p4.vcxproj", "{ED783551-A29C-4E3F-9E09-DDCAEE52FFFA}"
EndProject
Project("{8BC9CEB8-8B4A-11D0-8D11-00A0C91BC942}") = "mmcc14p2", "mmcc14p2\mmcc14p2.vcxproj", "{F14DE6A8-A654-4EB5-9652-F2D1A9395576}"
EndProject
Project("{8BC9CEB8-8B4A-11D0-8D11-00A0C91BC942}") = "ds3", "ds3\ds3.vcxproj", "{2C65A4BE-F9C0-41B4-BE14-0A481F160981}"
EndProject
Project("{8BC9CEB8-8B4A-11D0-8D11-00A0C91BC942}") = "Resources", "Resources\Resources.vcxproj", "{08699A48-0A84-43D2-B70E-DD330FDF9755}"
EndProject
Project("{8BC9CEB8-8B4A-11D0-8D11-00A0C91BC942}") = "tle17c3p5", "tle17c3p5\tle17c3p5.vcxproj", "{2DB7FE7E-BC24-43C1-9726-7E647771D7E9}"
EndProject
Project("{8BC9CEB8-8B4A-11D0-8D11-00A0C91BC942}") = "ioi01p1", "ioi01p1\ioi01p1.vcxproj", "{617B474B-ADC7-4CC3-A677-0B262B73C57F}"
EndProject
Project("{8BC9CEB8-8B4A-11D0-8D11-00A0C91BC942}") = "dmpg17g2", "dmpg17g2\dmpg17g2.vcxproj", "{DBA52FF4-338C-4ED3-8F13-FCD28833AA2B}"
EndProject
Project("{8BC9CEB8-8B4A-11D0-8D11-00A0C91BC942}") = "dmopc15c3p5", "dmopc15c3p5\dmopc15c3p5.vcxproj", "{10098056-FB79-4288-907F-74042CDE19D5}"
EndProject
Project("{8BC9CEB8-8B4A-11D0-8D11-00A0C91BC942}") = "dmopc13c1p5", "dmopc13c1p5\dmopc13c1p5.vcxproj", "{F2F26733-3149-4A2C-90D3-D289DBAE1408}"
EndProject
Project("{8BC9CEB8-8B4A-11D0-8D11-00A0C91BC942}") = "coci14c1p5", "coci14c1p5\coci14c1p5.vcxproj", "{ADD292AB-6915-45FB-AC41-E6059976C85D}"
EndProject
Project("{8BC9CEB8-8B4A-11D0-8D11-00A0C91BC942}") = "cco15p4", "cco15p4\cco15p4.vcxproj", "{3DD0B684-B7A5-4528-AF47-1B03434567F1}"
EndProject
Project("{8BC9CEB8-8B4A-11D0-8D11-00A0C91BC942}") = "cco08p5", "cco08p5\cco08p5.vcxproj", "{76087734-AC9C-4F04-88DA-17C275C67790}"
EndProject
Project("{8BC9CEB8-8B4A-11D0-8D11-00A0C91BC942}") = "bts16p7", "bts16p7\bts16p7.vcxproj", "{1B494006-A806-457F-A356-AE289681CB35}"
EndProject
Project("{8BC9CEB8-8B4A-11D0-8D11-00A0C91BC942}") = "apio12p1", "apio12p1\apio12p1.vcxproj", "{21C444C8-1AFA-4247-88C9-9740076AF1B6}"
EndProject
Project("{8BC9CEB8-8B4A-11D0-8D11-00A0C91BC942}") = "dmpg17g1", "dmpg17g1\dmpg17g1.vcxproj", "{ED21AB5C-EC4F-42E1-A66C-DD5938A848B9}"
EndProject
Project("{8BC9CEB8-8B4A-11D0-8D11-00A0C91BC942}") = "cco16p1", "cco16p1\cco16p1.vcxproj", "{952F9C64-D10C-4EDE-A922-BB47D87AE6ED}"
EndProject
Project("{8BC9CEB8-8B4A-11D0-8D11-00A0C91BC942}") = "3n+1", "3n+1\3n+1.vcxproj", "{D32EE043-6EE9-496F-A4E8-B1D8B8E49FFC}"
EndProject
Project("{8BC9CEB8-8B4A-11D0-8D11-00A0C91BC942}") = "bf3hard", "bf3hard\bf3hard.vcxproj", "{C66A75AE-C24D-4189-9D33-9B849BC040F0}"
EndProject
Project("{8BC9CEB8-8B4A-11D0-8D11-00A0C91BC942}") = "bts16p5", "bts16p5\bts16p5.vcxproj", "{FAD52D40-8CB8-405C-AB73-A4D9D12E532E}"
EndProject
Project("{8BC9CEB8-8B4A-11D0-8D11-00A0C91BC942}") = "bts17p1", "bts17p1\bts17p1.vcxproj", "{27AF4230-A26F-4442-A285-577D85AE5EAE}"
EndProject
Project("{8BC9CEB8-8B4A-11D0-8D11-00A0C91BC942}") = "bts17p2", "bts17p2\bts17p2.vcxproj", "{B8A443BA-1DB1-4EF7-A598-95AF39528FC9}"
EndProject
Project("{8BC9CEB8-8B4A-11D0-8D11-00A0C91BC942}") = "bts17p4", "bts17p4\bts17p4.vcxproj", "{7B1C3078-51EE-4A53-A45F-47A33DEB390E}"
EndProject
Project("{8BC9CEB8-8B4A-11D0-8D11-00A0C91BC942}") = "bts17p6", "bts17p6\bts17p6.vcxproj", "{212F5074-59E6-4E97-AA1A-A6EFC4119EFE}"
EndProject
Project("{8BC9CEB8-8B4A-11D0-8D11-00A0C91BC942}") = "ccc04s5", "ccc04s5\ccc04s5.vcxproj", "{878A7CB4-476F-4DF5-8C06-C42DF03A8299}"
EndProject
Project("{8BC9CEB8-8B4A-11D0-8D11-00A0C91BC942}") = "ccc05s5", "ccc05s5\ccc05s5.vcxproj", "{7716D680-171F-4744-8315-BAFD23689161}"
EndProject
Project("{8BC9CEB8-8B4A-11D0-8D11-00A0C91BC942}") = "ccc08s4", "ccc08s4\ccc08s4.vcxproj", "{348F958B-E803-4E35-8649-D94265411036}"
EndProject
Project("{8BC9CEB8-8B4A-11D0-8D11-00A0C91BC942}") = "ccc09s4", "ccc09s4\ccc09s4.vcxproj", "{5B1DDBE7-7C76-41E5-B23E-F91281568225}"
EndProject
Project("{8BC9CEB8-8B4A-11D0-8D11-00A0C91BC942}") = "ccc14s5", "ccc14s5\ccc14s5.vcxproj", "{FE71B5E4-27FE-489F-84AB-997C2E36C370}"
EndProject
Project("{8BC9CEB8-8B4A-11D0-8D11-00A0C91BC942}") = "ccc15j5", "ccc15j5\ccc15j5.vcxproj", "{E1D0137D-EA64-4C26-AC1B-78060B44962F}"
EndProject
Project("{8BC9CEB8-8B4A-11D0-8D11-00A0C91BC942}") = "ccc16s3", "ccc16s3\ccc16s3.vcxproj", "{36C40B09-893C-4819-8408-19063AF1D4E9}"
EndProject
Project("{8BC9CEB8-8B4A-11D0-8D11-00A0C91BC942}") = "ccc17s4", "ccc17s4\ccc17s4.vcxproj", "{6FBDF4D7-0FF2-4A42-9920-35A173F82062}"
EndProject
Project("{8BC9CEB8-8B4A-11D0-8D11-00A0C91BC942}") = "ccc17s5", "ccc17s5\ccc17s5.vcxproj", "{6B46BD0D-7D57-4078-ADB5-1046790C2A5C}"
EndProject
Project("{8BC9CEB8-8B4A-11D0-8D11-00A0C91BC942}") = "cco10p3", "cco10p3\cco10p3.vcxproj", "{21F344AB-A08C-4929-A691-3744A5928FF2}"
EndProject
Project("{8BC9CEB8-8B4A-11D0-8D11-00A0C91BC942}") = "cco11p4", "cco11p4\cco11p4.vcxproj", "{69AF77FE-6237-4253-B8E1-3C962D9FAEB3}"
EndProject
Project("{8BC9CEB8-8B4A-11D0-8D11-00A0C91BC942}") = "dmopc15c1p6", "dmopc15c1p6\dmopc15c1p6.vcxproj", "{F6DD567F-5AC1-403F-8D07-A69D5AAE1616}"
EndProject
Project("{8BC9CEB8-8B4A-11D0-8D11-00A0C91BC942}") = "tle17c4p1", "tle17c4p1\tle17c4p1.vcxproj", "{5FEAE712-2919-438B-8DD2-8BAE9763B8A7}"
EndProject
Project("{8BC9CEB8-8B4A-11D0-8D11-00A0C91BC942}") = "tle17c4p2", "tle17c4p2\tle17c4p2.vcxproj", "{6F58B3B9-650D-48C4-87B3-C454ED93759B}"
EndProject
Project("{8BC9CEB8-8B4A-11D0-8D11-00A0C91BC942}") = "tle17c4p3", "tle17c4p3\tle17c4p3.vcxproj", "{74A5B8BA-ED4D-4E10-8C7E-609AB3454ED1}"
EndProject
Project("{8BC9CEB8-8B4A-11D0-8D11-00A0C91BC942}") = "tle17c4p5", "tle17c4p5\tle17c4p5.vcxproj", "{BADB76C2-6671-42CD-8546-F7E2D4F29F71}"
EndProject
Project("{8BC9CEB8-8B4A-11D0-8D11-00A0C91BC942}") = "dmpg15g4", "dmpg15g4\dmpg15g4.vcxproj", "{1D7196EE-043F-4368-B05B-4D4B94030914}"
EndProject
Project("{8BC9CEB8-8B4A-11D0-8D11-00A0C91BC942}") = "Template", "Template\Template.vcxproj", "{13D67695-6575-4915-A837-F91FA6A29857}"
EndProject
Project("{8BC9CEB8-8B4A-11D0-8D11-00A0C91BC942}") = "ccc15s4", "ccc15s4\ccc15s4.vcxproj", "{779EDF0A-204F-469C-82F4-C47161682298}"
EndProject
Project("{8BC9CEB8-8B4A-11D0-8D11-00A0C91BC942}") = "year2018p1", "year2018p1\year2018p1.vcxproj", "{E04381B7-8AF3-4818-BF8D-B59209ECA484}"
EndProject
Project("{8BC9CEB8-8B4A-11D0-8D11-00A0C91BC942}") = "year2018p2", "year2018p2\year2018p2.vcxproj", "{C4FBDFEB-AAC2-42E8-807D-328DD886BF12}"
EndProject
Project("{8BC9CEB8-8B4A-11D0-8D11-00A0C91BC942}") = "year2018p3", "year2018p3\year2018p3.vcxproj", "{6F94571A-2DAE-4755-974A-B23FDF45E1FC}"
EndProject
Project("{8BC9CEB8-8B4A-11D0-8D11-00A0C91BC942}") = "year2018p4", "year2018p4\year2018p4.vcxproj", "{290896A2-91F1-4E20-8801-AB93596733C5}"
EndProject
Project("{8BC9CEB8-8B4A-11D0-8D11-00A0C91BC942}") = "year2018p8", "year2018p8\year2018p8.vcxproj", "{38226B3A-3689-450E-91F2-CD23AA8AC6C6}"
EndProject
Project("{8BC9CEB8-8B4A-11D0-8D11-00A0C91BC942}") = "year2018p6", "year2018p6\year2018p6.vcxproj", "{0A9B1917-EFAA-4965-9045-9E9222C94DFF}"
EndProject
Project("{8BC9CEB8-8B4A-11D0-8D11-00A0C91BC942}") = "year2018p5", "year2018p5\year2018p5.vcxproj", "{57708EF9-B688-4624-9E3A-515875A36943}"
EndProject
Global
	GlobalSection(SolutionConfigurationPlatforms) = preSolution
		Debug|x64 = Debug|x64
		Debug|x86 = Debug|x86
		Release|x64 = Release|x64
		Release|x86 = Release|x86
	EndGlobalSection
	GlobalSection(ProjectConfigurationPlatforms) = postSolution
		{612037F5-BA60-4E2A-9963-24F93DBA55D2}.Debug|x64.ActiveCfg = Debug|x64
		{612037F5-BA60-4E2A-9963-24F93DBA55D2}.Debug|x64.Build.0 = Debug|x64
		{612037F5-BA60-4E2A-9963-24F93DBA55D2}.Debug|x86.ActiveCfg = Debug|Win32
		{612037F5-BA60-4E2A-9963-24F93DBA55D2}.Debug|x86.Build.0 = Debug|Win32
		{612037F5-BA60-4E2A-9963-24F93DBA55D2}.Release|x64.ActiveCfg = Release|x64
		{612037F5-BA60-4E2A-9963-24F93DBA55D2}.Release|x64.Build.0 = Release|x64
		{612037F5-BA60-4E2A-9963-24F93DBA55D2}.Release|x86.ActiveCfg = Release|Win32
		{612037F5-BA60-4E2A-9963-24F93DBA55D2}.Release|x86.Build.0 = Release|Win32
		{9393971F-BB53-4A1B-A501-25539B7584F3}.Debug|x64.ActiveCfg = Debug|x64
		{9393971F-BB53-4A1B-A501-25539B7584F3}.Debug|x64.Build.0 = Debug|x64
		{9393971F-BB53-4A1B-A501-25539B7584F3}.Debug|x86.ActiveCfg = Debug|Win32
		{9393971F-BB53-4A1B-A501-25539B7584F3}.Debug|x86.Build.0 = Debug|Win32
		{9393971F-BB53-4A1B-A501-25539B7584F3}.Release|x64.ActiveCfg = Release|x64
		{9393971F-BB53-4A1B-A501-25539B7584F3}.Release|x64.Build.0 = Release|x64
		{9393971F-BB53-4A1B-A501-25539B7584F3}.Release|x86.ActiveCfg = Release|Win32
		{9393971F-BB53-4A1B-A501-25539B7584F3}.Release|x86.Build.0 = Release|Win32
		{DDAC8FFA-DCF6-461D-AD6A-E7B8878FDC54}.Debug|x64.ActiveCfg = Debug|x64
		{DDAC8FFA-DCF6-461D-AD6A-E7B8878FDC54}.Debug|x64.Build.0 = Debug|x64
		{DDAC8FFA-DCF6-461D-AD6A-E7B8878FDC54}.Debug|x86.ActiveCfg = Debug|Win32
		{DDAC8FFA-DCF6-461D-AD6A-E7B8878FDC54}.Debug|x86.Build.0 = Debug|Win32
		{DDAC8FFA-DCF6-461D-AD6A-E7B8878FDC54}.Release|x64.ActiveCfg = Release|x64
		{DDAC8FFA-DCF6-461D-AD6A-E7B8878FDC54}.Release|x64.Build.0 = Release|x64
		{DDAC8FFA-DCF6-461D-AD6A-E7B8878FDC54}.Release|x86.ActiveCfg = Release|Win32
		{DDAC8FFA-DCF6-461D-AD6A-E7B8878FDC54}.Release|x86.Build.0 = Release|Win32
		{53280656-0C25-4753-874E-CE6C3A8F920E}.Debug|x64.ActiveCfg = Debug|x64
		{53280656-0C25-4753-874E-CE6C3A8F920E}.Debug|x64.Build.0 = Debug|x64
		{53280656-0C25-4753-874E-CE6C3A8F920E}.Debug|x86.ActiveCfg = Debug|Win32
		{53280656-0C25-4753-874E-CE6C3A8F920E}.Debug|x86.Build.0 = Debug|Win32
		{53280656-0C25-4753-874E-CE6C3A8F920E}.Release|x64.ActiveCfg = Release|x64
		{53280656-0C25-4753-874E-CE6C3A8F920E}.Release|x64.Build.0 = Release|x64
		{53280656-0C25-4753-874E-CE6C3A8F920E}.Release|x86.ActiveCfg = Release|Win32
		{53280656-0C25-4753-874E-CE6C3A8F920E}.Release|x86.Build.0 = Release|Win32
		{F9B1C580-AA78-4D6F-B3EC-40DA31C49544}.Debug|x64.ActiveCfg = Debug|x64
		{F9B1C580-AA78-4D6F-B3EC-40DA31C49544}.Debug|x64.Build.0 = Debug|x64
		{F9B1C580-AA78-4D6F-B3EC-40DA31C49544}.Debug|x86.ActiveCfg = Debug|Win32
		{F9B1C580-AA78-4D6F-B3EC-40DA31C49544}.Debug|x86.Build.0 = Debug|Win32
		{F9B1C580-AA78-4D6F-B3EC-40DA31C49544}.Release|x64.ActiveCfg = Release|x64
		{F9B1C580-AA78-4D6F-B3EC-40DA31C49544}.Release|x64.Build.0 = Release|x64
		{F9B1C580-AA78-4D6F-B3EC-40DA31C49544}.Release|x86.ActiveCfg = Release|Win32
		{F9B1C580-AA78-4D6F-B3EC-40DA31C49544}.Release|x86.Build.0 = Release|Win32
		{0B6416B9-895E-4040-A7D4-19239BCD773E}.Debug|x64.ActiveCfg = Debug|x64
		{0B6416B9-895E-4040-A7D4-19239BCD773E}.Debug|x64.Build.0 = Debug|x64
		{0B6416B9-895E-4040-A7D4-19239BCD773E}.Debug|x86.ActiveCfg = Debug|Win32
		{0B6416B9-895E-4040-A7D4-19239BCD773E}.Debug|x86.Build.0 = Debug|Win32
		{0B6416B9-895E-4040-A7D4-19239BCD773E}.Release|x64.ActiveCfg = Release|x64
		{0B6416B9-895E-4040-A7D4-19239BCD773E}.Release|x64.Build.0 = Release|x64
		{0B6416B9-895E-4040-A7D4-19239BCD773E}.Release|x86.ActiveCfg = Release|Win32
		{0B6416B9-895E-4040-A7D4-19239BCD773E}.Release|x86.Build.0 = Release|Win32
		{972F970C-9B66-467A-8D96-E5F3C311B0AA}.Debug|x64.ActiveCfg = Debug|x64
		{972F970C-9B66-467A-8D96-E5F3C311B0AA}.Debug|x64.Build.0 = Debug|x64
		{972F970C-9B66-467A-8D96-E5F3C311B0AA}.Debug|x86.ActiveCfg = Debug|Win32
		{972F970C-9B66-467A-8D96-E5F3C311B0AA}.Debug|x86.Build.0 = Debug|Win32
		{972F970C-9B66-467A-8D96-E5F3C311B0AA}.Release|x64.ActiveCfg = Release|x64
		{972F970C-9B66-467A-8D96-E5F3C311B0AA}.Release|x64.Build.0 = Release|x64
		{972F970C-9B66-467A-8D96-E5F3C311B0AA}.Release|x86.ActiveCfg = Release|Win32
		{972F970C-9B66-467A-8D96-E5F3C311B0AA}.Release|x86.Build.0 = Release|Win32
		{5714CB3B-7364-4D9A-95CC-F52F66B370A0}.Debug|x64.ActiveCfg = Debug|x64
		{5714CB3B-7364-4D9A-95CC-F52F66B370A0}.Debug|x64.Build.0 = Debug|x64
		{5714CB3B-7364-4D9A-95CC-F52F66B370A0}.Debug|x86.ActiveCfg = Debug|Win32
		{5714CB3B-7364-4D9A-95CC-F52F66B370A0}.Debug|x86.Build.0 = Debug|Win32
		{5714CB3B-7364-4D9A-95CC-F52F66B370A0}.Release|x64.ActiveCfg = Release|x64
		{5714CB3B-7364-4D9A-95CC-F52F66B370A0}.Release|x64.Build.0 = Release|x64
		{5714CB3B-7364-4D9A-95CC-F52F66B370A0}.Release|x86.ActiveCfg = Release|Win32
		{5714CB3B-7364-4D9A-95CC-F52F66B370A0}.Release|x86.Build.0 = Release|Win32
		{3148C5D1-4E33-4FE2-89E1-84EC02CD79D0}.Debug|x64.ActiveCfg = Debug|x64
		{3148C5D1-4E33-4FE2-89E1-84EC02CD79D0}.Debug|x64.Build.0 = Debug|x64
		{3148C5D1-4E33-4FE2-89E1-84EC02CD79D0}.Debug|x86.ActiveCfg = Debug|Win32
		{3148C5D1-4E33-4FE2-89E1-84EC02CD79D0}.Debug|x86.Build.0 = Debug|Win32
		{3148C5D1-4E33-4FE2-89E1-84EC02CD79D0}.Release|x64.ActiveCfg = Release|x64
		{3148C5D1-4E33-4FE2-89E1-84EC02CD79D0}.Release|x64.Build.0 = Release|x64
		{3148C5D1-4E33-4FE2-89E1-84EC02CD79D0}.Release|x86.ActiveCfg = Release|Win32
		{3148C5D1-4E33-4FE2-89E1-84EC02CD79D0}.Release|x86.Build.0 = Release|Win32
		{48B959C9-6161-43F3-9449-F22FAFB3576D}.Debug|x64.ActiveCfg = Debug|x64
		{48B959C9-6161-43F3-9449-F22FAFB3576D}.Debug|x64.Build.0 = Debug|x64
		{48B959C9-6161-43F3-9449-F22FAFB3576D}.Debug|x86.ActiveCfg = Debug|Win32
		{48B959C9-6161-43F3-9449-F22FAFB3576D}.Debug|x86.Build.0 = Debug|Win32
		{48B959C9-6161-43F3-9449-F22FAFB3576D}.Release|x64.ActiveCfg = Release|x64
		{48B959C9-6161-43F3-9449-F22FAFB3576D}.Release|x64.Build.0 = Release|x64
		{48B959C9-6161-43F3-9449-F22FAFB3576D}.Release|x86.ActiveCfg = Release|Win32
		{48B959C9-6161-43F3-9449-F22FAFB3576D}.Release|x86.Build.0 = Release|Win32
		{9A6CCFC3-09E1-4017-88AF-5CEA821FAA39}.Debug|x64.ActiveCfg = Debug|x64
		{9A6CCFC3-09E1-4017-88AF-5CEA821FAA39}.Debug|x64.Build.0 = Debug|x64
		{9A6CCFC3-09E1-4017-88AF-5CEA821FAA39}.Debug|x86.ActiveCfg = Debug|Win32
		{9A6CCFC3-09E1-4017-88AF-5CEA821FAA39}.Debug|x86.Build.0 = Debug|Win32
		{9A6CCFC3-09E1-4017-88AF-5CEA821FAA39}.Release|x64.ActiveCfg = Release|x64
		{9A6CCFC3-09E1-4017-88AF-5CEA821FAA39}.Release|x64.Build.0 = Release|x64
		{9A6CCFC3-09E1-4017-88AF-5CEA821FAA39}.Release|x86.ActiveCfg = Release|Win32
		{9A6CCFC3-09E1-4017-88AF-5CEA821FAA39}.Release|x86.Build.0 = Release|Win32
		{4BFB0765-079C-4497-90F7-2006CF20E633}.Debug|x64.ActiveCfg = Debug|x64
		{4BFB0765-079C-4497-90F7-2006CF20E633}.Debug|x64.Build.0 = Debug|x64
		{4BFB0765-079C-4497-90F7-2006CF20E633}.Debug|x86.ActiveCfg = Debug|Win32
		{4BFB0765-079C-4497-90F7-2006CF20E633}.Debug|x86.Build.0 = Debug|Win32
		{4BFB0765-079C-4497-90F7-2006CF20E633}.Release|x64.ActiveCfg = Release|x64
		{4BFB0765-079C-4497-90F7-2006CF20E633}.Release|x64.Build.0 = Release|x64
		{4BFB0765-079C-4497-90F7-2006CF20E633}.Release|x86.ActiveCfg = Release|Win32
		{4BFB0765-079C-4497-90F7-2006CF20E633}.Release|x86.Build.0 = Release|Win32
		{B8A4D47E-B680-47D6-81BE-82C99439B59A}.Debug|x64.ActiveCfg = Debug|x64
		{B8A4D47E-B680-47D6-81BE-82C99439B59A}.Debug|x64.Build.0 = Debug|x64
		{B8A4D47E-B680-47D6-81BE-82C99439B59A}.Debug|x86.ActiveCfg = Debug|Win32
		{B8A4D47E-B680-47D6-81BE-82C99439B59A}.Debug|x86.Build.0 = Debug|Win32
		{B8A4D47E-B680-47D6-81BE-82C99439B59A}.Release|x64.ActiveCfg = Release|x64
		{B8A4D47E-B680-47D6-81BE-82C99439B59A}.Release|x64.Build.0 = Release|x64
		{B8A4D47E-B680-47D6-81BE-82C99439B59A}.Release|x86.ActiveCfg = Release|Win32
		{B8A4D47E-B680-47D6-81BE-82C99439B59A}.Release|x86.Build.0 = Release|Win32
		{E66505F5-87A7-49BB-A51E-08D2CAFD9586}.Debug|x64.ActiveCfg = Debug|x64
		{E66505F5-87A7-49BB-A51E-08D2CAFD9586}.Debug|x64.Build.0 = Debug|x64
		{E66505F5-87A7-49BB-A51E-08D2CAFD9586}.Debug|x86.ActiveCfg = Debug|Win32
		{E66505F5-87A7-49BB-A51E-08D2CAFD9586}.Debug|x86.Build.0 = Debug|Win32
		{E66505F5-87A7-49BB-A51E-08D2CAFD9586}.Release|x64.ActiveCfg = Release|x64
		{E66505F5-87A7-49BB-A51E-08D2CAFD9586}.Release|x64.Build.0 = Release|x64
		{E66505F5-87A7-49BB-A51E-08D2CAFD9586}.Release|x86.ActiveCfg = Release|Win32
		{E66505F5-87A7-49BB-A51E-08D2CAFD9586}.Release|x86.Build.0 = Release|Win32
		{6FE3443E-955F-43A7-95B0-6B489520F6C1}.Debug|x64.ActiveCfg = Debug|x64
		{6FE3443E-955F-43A7-95B0-6B489520F6C1}.Debug|x64.Build.0 = Debug|x64
		{6FE3443E-955F-43A7-95B0-6B489520F6C1}.Debug|x86.ActiveCfg = Debug|Win32
		{6FE3443E-955F-43A7-95B0-6B489520F6C1}.Debug|x86.Build.0 = Debug|Win32
		{6FE3443E-955F-43A7-95B0-6B489520F6C1}.Release|x64.ActiveCfg = Release|x64
		{6FE3443E-955F-43A7-95B0-6B489520F6C1}.Release|x64.Build.0 = Release|x64
		{6FE3443E-955F-43A7-95B0-6B489520F6C1}.Release|x86.ActiveCfg = Release|Win32
		{6FE3443E-955F-43A7-95B0-6B489520F6C1}.Release|x86.Build.0 = Release|Win32
		{B22BCCA2-9ADB-43E4-931D-BFBF2017A4D6}.Debug|x64.ActiveCfg = Debug|x64
		{B22BCCA2-9ADB-43E4-931D-BFBF2017A4D6}.Debug|x64.Build.0 = Debug|x64
		{B22BCCA2-9ADB-43E4-931D-BFBF2017A4D6}.Debug|x86.ActiveCfg = Debug|Win32
		{B22BCCA2-9ADB-43E4-931D-BFBF2017A4D6}.Debug|x86.Build.0 = Debug|Win32
		{B22BCCA2-9ADB-43E4-931D-BFBF2017A4D6}.Release|x64.ActiveCfg = Release|x64
		{B22BCCA2-9ADB-43E4-931D-BFBF2017A4D6}.Release|x64.Build.0 = Release|x64
		{B22BCCA2-9ADB-43E4-931D-BFBF2017A4D6}.Release|x86.ActiveCfg = Release|Win32
		{B22BCCA2-9ADB-43E4-931D-BFBF2017A4D6}.Release|x86.Build.0 = Release|Win32
		{ED783551-A29C-4E3F-9E09-DDCAEE52FFFA}.Debug|x64.ActiveCfg = Debug|x64
		{ED783551-A29C-4E3F-9E09-DDCAEE52FFFA}.Debug|x64.Build.0 = Debug|x64
		{ED783551-A29C-4E3F-9E09-DDCAEE52FFFA}.Debug|x86.ActiveCfg = Debug|Win32
		{ED783551-A29C-4E3F-9E09-DDCAEE52FFFA}.Debug|x86.Build.0 = Debug|Win32
		{ED783551-A29C-4E3F-9E09-DDCAEE52FFFA}.Release|x64.ActiveCfg = Release|x64
		{ED783551-A29C-4E3F-9E09-DDCAEE52FFFA}.Release|x64.Build.0 = Release|x64
		{ED783551-A29C-4E3F-9E09-DDCAEE52FFFA}.Release|x86.ActiveCfg = Release|Win32
		{ED783551-A29C-4E3F-9E09-DDCAEE52FFFA}.Release|x86.Build.0 = Release|Win32
		{F14DE6A8-A654-4EB5-9652-F2D1A9395576}.Debug|x64.ActiveCfg = Debug|x64
		{F14DE6A8-A654-4EB5-9652-F2D1A9395576}.Debug|x64.Build.0 = Debug|x64
		{F14DE6A8-A654-4EB5-9652-F2D1A9395576}.Debug|x86.ActiveCfg = Debug|Win32
		{F14DE6A8-A654-4EB5-9652-F2D1A9395576}.Debug|x86.Build.0 = Debug|Win32
		{F14DE6A8-A654-4EB5-9652-F2D1A9395576}.Release|x64.ActiveCfg = Release|x64
		{F14DE6A8-A654-4EB5-9652-F2D1A9395576}.Release|x64.Build.0 = Release|x64
		{F14DE6A8-A654-4EB5-9652-F2D1A9395576}.Release|x86.ActiveCfg = Release|Win32
		{F14DE6A8-A654-4EB5-9652-F2D1A9395576}.Release|x86.Build.0 = Release|Win32
		{2C65A4BE-F9C0-41B4-BE14-0A481F160981}.Debug|x64.ActiveCfg = Debug|x64
		{2C65A4BE-F9C0-41B4-BE14-0A481F160981}.Debug|x64.Build.0 = Debug|x64
		{2C65A4BE-F9C0-41B4-BE14-0A481F160981}.Debug|x86.ActiveCfg = Debug|Win32
		{2C65A4BE-F9C0-41B4-BE14-0A481F160981}.Debug|x86.Build.0 = Debug|Win32
		{2C65A4BE-F9C0-41B4-BE14-0A481F160981}.Release|x64.ActiveCfg = Release|x64
		{2C65A4BE-F9C0-41B4-BE14-0A481F160981}.Release|x64.Build.0 = Release|x64
		{2C65A4BE-F9C0-41B4-BE14-0A481F160981}.Release|x86.ActiveCfg = Release|Win32
		{2C65A4BE-F9C0-41B4-BE14-0A481F160981}.Release|x86.Build.0 = Release|Win32
		{08699A48-0A84-43D2-B70E-DD330FDF9755}.Debug|x64.ActiveCfg = Debug|x64
		{08699A48-0A84-43D2-B70E-DD330FDF9755}.Debug|x64.Build.0 = Debug|x64
		{08699A48-0A84-43D2-B70E-DD330FDF9755}.Debug|x86.ActiveCfg = Debug|Win32
		{08699A48-0A84-43D2-B70E-DD330FDF9755}.Debug|x86.Build.0 = Debug|Win32
		{08699A48-0A84-43D2-B70E-DD330FDF9755}.Release|x64.ActiveCfg = Release|x64
		{08699A48-0A84-43D2-B70E-DD330FDF9755}.Release|x64.Build.0 = Release|x64
		{08699A48-0A84-43D2-B70E-DD330FDF9755}.Release|x86.ActiveCfg = Release|Win32
		{08699A48-0A84-43D2-B70E-DD330FDF9755}.Release|x86.Build.0 = Release|Win32
		{2DB7FE7E-BC24-43C1-9726-7E647771D7E9}.Debug|x64.ActiveCfg = Debug|x64
		{2DB7FE7E-BC24-43C1-9726-7E647771D7E9}.Debug|x64.Build.0 = Debug|x64
		{2DB7FE7E-BC24-43C1-9726-7E647771D7E9}.Debug|x86.ActiveCfg = Debug|Win32
		{2DB7FE7E-BC24-43C1-9726-7E647771D7E9}.Debug|x86.Build.0 = Debug|Win32
		{2DB7FE7E-BC24-43C1-9726-7E647771D7E9}.Release|x64.ActiveCfg = Release|x64
		{2DB7FE7E-BC24-43C1-9726-7E647771D7E9}.Release|x64.Build.0 = Release|x64
		{2DB7FE7E-BC24-43C1-9726-7E647771D7E9}.Release|x86.ActiveCfg = Release|Win32
		{2DB7FE7E-BC24-43C1-9726-7E647771D7E9}.Release|x86.Build.0 = Release|Win32
		{617B474B-ADC7-4CC3-A677-0B262B73C57F}.Debug|x64.ActiveCfg = Debug|x64
		{617B474B-ADC7-4CC3-A677-0B262B73C57F}.Debug|x64.Build.0 = Debug|x64
		{617B474B-ADC7-4CC3-A677-0B262B73C57F}.Debug|x86.ActiveCfg = Debug|Win32
		{617B474B-ADC7-4CC3-A677-0B262B73C57F}.Debug|x86.Build.0 = Debug|Win32
		{617B474B-ADC7-4CC3-A677-0B262B73C57F}.Release|x64.ActiveCfg = Release|x64
		{617B474B-ADC7-4CC3-A677-0B262B73C57F}.Release|x64.Build.0 = Release|x64
		{617B474B-ADC7-4CC3-A677-0B262B73C57F}.Release|x86.ActiveCfg = Release|Win32
		{617B474B-ADC7-4CC3-A677-0B262B73C57F}.Release|x86.Build.0 = Release|Win32
		{DBA52FF4-338C-4ED3-8F13-FCD28833AA2B}.Debug|x64.ActiveCfg = Debug|x64
		{DBA52FF4-338C-4ED3-8F13-FCD28833AA2B}.Debug|x64.Build.0 = Debug|x64
		{DBA52FF4-338C-4ED3-8F13-FCD28833AA2B}.Debug|x86.ActiveCfg = Debug|Win32
		{DBA52FF4-338C-4ED3-8F13-FCD28833AA2B}.Debug|x86.Build.0 = Debug|Win32
		{DBA52FF4-338C-4ED3-8F13-FCD28833AA2B}.Release|x64.ActiveCfg = Release|x64
		{DBA52FF4-338C-4ED3-8F13-FCD28833AA2B}.Release|x64.Build.0 = Release|x64
		{DBA52FF4-338C-4ED3-8F13-FCD28833AA2B}.Release|x86.ActiveCfg = Release|Win32
		{DBA52FF4-338C-4ED3-8F13-FCD28833AA2B}.Release|x86.Build.0 = Release|Win32
		{10098056-FB79-4288-907F-74042CDE19D5}.Debug|x64.ActiveCfg = Debug|x64
		{10098056-FB79-4288-907F-74042CDE19D5}.Debug|x64.Build.0 = Debug|x64
		{10098056-FB79-4288-907F-74042CDE19D5}.Debug|x86.ActiveCfg = Debug|Win32
		{10098056-FB79-4288-907F-74042CDE19D5}.Debug|x86.Build.0 = Debug|Win32
		{10098056-FB79-4288-907F-74042CDE19D5}.Release|x64.ActiveCfg = Release|x64
		{10098056-FB79-4288-907F-74042CDE19D5}.Release|x64.Build.0 = Release|x64
		{10098056-FB79-4288-907F-74042CDE19D5}.Release|x86.ActiveCfg = Release|Win32
		{10098056-FB79-4288-907F-74042CDE19D5}.Release|x86.Build.0 = Release|Win32
		{F2F26733-3149-4A2C-90D3-D289DBAE1408}.Debug|x64.ActiveCfg = Debug|x64
		{F2F26733-3149-4A2C-90D3-D289DBAE1408}.Debug|x64.Build.0 = Debug|x64
		{F2F26733-3149-4A2C-90D3-D289DBAE1408}.Debug|x86.ActiveCfg = Debug|Win32
		{F2F26733-3149-4A2C-90D3-D289DBAE1408}.Debug|x86.Build.0 = Debug|Win32
		{F2F26733-3149-4A2C-90D3-D289DBAE1408}.Release|x64.ActiveCfg = Release|x64
		{F2F26733-3149-4A2C-90D3-D289DBAE1408}.Release|x64.Build.0 = Release|x64
		{F2F26733-3149-4A2C-90D3-D289DBAE1408}.Release|x86.ActiveCfg = Release|Win32
		{F2F26733-3149-4A2C-90D3-D289DBAE1408}.Release|x86.Build.0 = Release|Win32
		{ADD292AB-6915-45FB-AC41-E6059976C85D}.Debug|x64.ActiveCfg = Debug|x64
		{ADD292AB-6915-45FB-AC41-E6059976C85D}.Debug|x64.Build.0 = Debug|x64
		{ADD292AB-6915-45FB-AC41-E6059976C85D}.Debug|x86.ActiveCfg = Debug|Win32
		{ADD292AB-6915-45FB-AC41-E6059976C85D}.Debug|x86.Build.0 = Debug|Win32
		{ADD292AB-6915-45FB-AC41-E6059976C85D}.Release|x64.ActiveCfg = Release|x64
		{ADD292AB-6915-45FB-AC41-E6059976C85D}.Release|x64.Build.0 = Release|x64
		{ADD292AB-6915-45FB-AC41-E6059976C85D}.Release|x86.ActiveCfg = Release|Win32
		{ADD292AB-6915-45FB-AC41-E6059976C85D}.Release|x86.Build.0 = Release|Win32
		{3DD0B684-B7A5-4528-AF47-1B03434567F1}.Debug|x64.ActiveCfg = Debug|x64
		{3DD0B684-B7A5-4528-AF47-1B03434567F1}.Debug|x64.Build.0 = Debug|x64
		{3DD0B684-B7A5-4528-AF47-1B03434567F1}.Debug|x86.ActiveCfg = Debug|Win32
		{3DD0B684-B7A5-4528-AF47-1B03434567F1}.Debug|x86.Build.0 = Debug|Win32
		{3DD0B684-B7A5-4528-AF47-1B03434567F1}.Release|x64.ActiveCfg = Release|x64
		{3DD0B684-B7A5-4528-AF47-1B03434567F1}.Release|x64.Build.0 = Release|x64
		{3DD0B684-B7A5-4528-AF47-1B03434567F1}.Release|x86.ActiveCfg = Release|Win32
		{3DD0B684-B7A5-4528-AF47-1B03434567F1}.Release|x86.Build.0 = Release|Win32
		{76087734-AC9C-4F04-88DA-17C275C67790}.Debug|x64.ActiveCfg = Debug|x64
		{76087734-AC9C-4F04-88DA-17C275C67790}.Debug|x64.Build.0 = Debug|x64
		{76087734-AC9C-4F04-88DA-17C275C67790}.Debug|x86.ActiveCfg = Debug|Win32
		{76087734-AC9C-4F04-88DA-17C275C67790}.Debug|x86.Build.0 = Debug|Win32
		{76087734-AC9C-4F04-88DA-17C275C67790}.Release|x64.ActiveCfg = Release|x64
		{76087734-AC9C-4F04-88DA-17C275C67790}.Release|x64.Build.0 = Release|x64
		{76087734-AC9C-4F04-88DA-17C275C67790}.Release|x86.ActiveCfg = Release|Win32
		{76087734-AC9C-4F04-88DA-17C275C67790}.Release|x86.Build.0 = Release|Win32
		{1B494006-A806-457F-A356-AE289681CB35}.Debug|x64.ActiveCfg = Debug|x64
		{1B494006-A806-457F-A356-AE289681CB35}.Debug|x64.Build.0 = Debug|x64
		{1B494006-A806-457F-A356-AE289681CB35}.Debug|x86.ActiveCfg = Debug|Win32
		{1B494006-A806-457F-A356-AE289681CB35}.Debug|x86.Build.0 = Debug|Win32
		{1B494006-A806-457F-A356-AE289681CB35}.Release|x64.ActiveCfg = Release|x64
		{1B494006-A806-457F-A356-AE289681CB35}.Release|x64.Build.0 = Release|x64
		{1B494006-A806-457F-A356-AE289681CB35}.Release|x86.ActiveCfg = Release|Win32
		{1B494006-A806-457F-A356-AE289681CB35}.Release|x86.Build.0 = Release|Win32
		{21C444C8-1AFA-4247-88C9-9740076AF1B6}.Debug|x64.ActiveCfg = Debug|x64
		{21C444C8-1AFA-4247-88C9-9740076AF1B6}.Debug|x64.Build.0 = Debug|x64
		{21C444C8-1AFA-4247-88C9-9740076AF1B6}.Debug|x86.ActiveCfg = Debug|Win32
		{21C444C8-1AFA-4247-88C9-9740076AF1B6}.Debug|x86.Build.0 = Debug|Win32
		{21C444C8-1AFA-4247-88C9-9740076AF1B6}.Release|x64.ActiveCfg = Release|x64
		{21C444C8-1AFA-4247-88C9-9740076AF1B6}.Release|x64.Build.0 = Release|x64
		{21C444C8-1AFA-4247-88C9-9740076AF1B6}.Release|x86.ActiveCfg = Release|Win32
		{21C444C8-1AFA-4247-88C9-9740076AF1B6}.Release|x86.Build.0 = Release|Win32
		{ED21AB5C-EC4F-42E1-A66C-DD5938A848B9}.Debug|x64.ActiveCfg = Debug|x64
		{ED21AB5C-EC4F-42E1-A66C-DD5938A848B9}.Debug|x64.Build.0 = Debug|x64
		{ED21AB5C-EC4F-42E1-A66C-DD5938A848B9}.Debug|x86.ActiveCfg = Debug|Win32
		{ED21AB5C-EC4F-42E1-A66C-DD5938A848B9}.Debug|x86.Build.0 = Debug|Win32
		{ED21AB5C-EC4F-42E1-A66C-DD5938A848B9}.Release|x64.ActiveCfg = Release|x64
		{ED21AB5C-EC4F-42E1-A66C-DD5938A848B9}.Release|x64.Build.0 = Release|x64
		{ED21AB5C-EC4F-42E1-A66C-DD5938A848B9}.Release|x86.ActiveCfg = Release|Win32
		{ED21AB5C-EC4F-42E1-A66C-DD5938A848B9}.Release|x86.Build.0 = Release|Win32
		{952F9C64-D10C-4EDE-A922-BB47D87AE6ED}.Debug|x64.ActiveCfg = Debug|x64
		{952F9C64-D10C-4EDE-A922-BB47D87AE6ED}.Debug|x64.Build.0 = Debug|x64
		{952F9C64-D10C-4EDE-A922-BB47D87AE6ED}.Debug|x86.ActiveCfg = Debug|Win32
		{952F9C64-D10C-4EDE-A922-BB47D87AE6ED}.Debug|x86.Build.0 = Debug|Win32
		{952F9C64-D10C-4EDE-A922-BB47D87AE6ED}.Release|x64.ActiveCfg = Release|x64
		{952F9C64-D10C-4EDE-A922-BB47D87AE6ED}.Release|x64.Build.0 = Release|x64
		{952F9C64-D10C-4EDE-A922-BB47D87AE6ED}.Release|x86.ActiveCfg = Release|Win32
		{952F9C64-D10C-4EDE-A922-BB47D87AE6ED}.Release|x86.Build.0 = Release|Win32
		{D32EE043-6EE9-496F-A4E8-B1D8B8E49FFC}.Debug|x64.ActiveCfg = Debug|x64
		{D32EE043-6EE9-496F-A4E8-B1D8B8E49FFC}.Debug|x64.Build.0 = Debug|x64
		{D32EE043-6EE9-496F-A4E8-B1D8B8E49FFC}.Debug|x86.ActiveCfg = Debug|Win32
		{D32EE043-6EE9-496F-A4E8-B1D8B8E49FFC}.Debug|x86.Build.0 = Debug|Win32
		{D32EE043-6EE9-496F-A4E8-B1D8B8E49FFC}.Release|x64.ActiveCfg = Release|x64
		{D32EE043-6EE9-496F-A4E8-B1D8B8E49FFC}.Release|x64.Build.0 = Release|x64
		{D32EE043-6EE9-496F-A4E8-B1D8B8E49FFC}.Release|x86.ActiveCfg = Release|Win32
		{D32EE043-6EE9-496F-A4E8-B1D8B8E49FFC}.Release|x86.Build.0 = Release|Win32
		{C66A75AE-C24D-4189-9D33-9B849BC040F0}.Debug|x64.ActiveCfg = Debug|x64
		{C66A75AE-C24D-4189-9D33-9B849BC040F0}.Debug|x64.Build.0 = Debug|x64
		{C66A75AE-C24D-4189-9D33-9B849BC040F0}.Debug|x86.ActiveCfg = Debug|Win32
		{C66A75AE-C24D-4189-9D33-9B849BC040F0}.Debug|x86.Build.0 = Debug|Win32
		{C66A75AE-C24D-4189-9D33-9B849BC040F0}.Release|x64.ActiveCfg = Release|x64
		{C66A75AE-C24D-4189-9D33-9B849BC040F0}.Release|x64.Build.0 = Release|x64
		{C66A75AE-C24D-4189-9D33-9B849BC040F0}.Release|x86.ActiveCfg = Release|Win32
		{C66A75AE-C24D-4189-9D33-9B849BC040F0}.Release|x86.Build.0 = Release|Win32
		{FAD52D40-8CB8-405C-AB73-A4D9D12E532E}.Debug|x64.ActiveCfg = Debug|x64
		{FAD52D40-8CB8-405C-AB73-A4D9D12E532E}.Debug|x64.Build.0 = Debug|x64
		{FAD52D40-8CB8-405C-AB73-A4D9D12E532E}.Debug|x86.ActiveCfg = Debug|Win32
		{FAD52D40-8CB8-405C-AB73-A4D9D12E532E}.Debug|x86.Build.0 = Debug|Win32
		{FAD52D40-8CB8-405C-AB73-A4D9D12E532E}.Release|x64.ActiveCfg = Release|x64
		{FAD52D40-8CB8-405C-AB73-A4D9D12E532E}.Release|x64.Build.0 = Release|x64
		{FAD52D40-8CB8-405C-AB73-A4D9D12E532E}.Release|x86.ActiveCfg = Release|Win32
		{FAD52D40-8CB8-405C-AB73-A4D9D12E532E}.Release|x86.Build.0 = Release|Win32
		{27AF4230-A26F-4442-A285-577D85AE5EAE}.Debug|x64.ActiveCfg = Debug|x64
		{27AF4230-A26F-4442-A285-577D85AE5EAE}.Debug|x64.Build.0 = Debug|x64
		{27AF4230-A26F-4442-A285-577D85AE5EAE}.Debug|x86.ActiveCfg = Debug|Win32
		{27AF4230-A26F-4442-A285-577D85AE5EAE}.Debug|x86.Build.0 = Debug|Win32
		{27AF4230-A26F-4442-A285-577D85AE5EAE}.Release|x64.ActiveCfg = Release|x64
		{27AF4230-A26F-4442-A285-577D85AE5EAE}.Release|x64.Build.0 = Release|x64
		{27AF4230-A26F-4442-A285-577D85AE5EAE}.Release|x86.ActiveCfg = Release|Win32
		{27AF4230-A26F-4442-A285-577D85AE5EAE}.Release|x86.Build.0 = Release|Win32
		{B8A443BA-1DB1-4EF7-A598-95AF39528FC9}.Debug|x64.ActiveCfg = Debug|x64
		{B8A443BA-1DB1-4EF7-A598-95AF39528FC9}.Debug|x64.Build.0 = Debug|x64
		{B8A443BA-1DB1-4EF7-A598-95AF39528FC9}.Debug|x86.ActiveCfg = Debug|Win32
		{B8A443BA-1DB1-4EF7-A598-95AF39528FC9}.Debug|x86.Build.0 = Debug|Win32
		{B8A443BA-1DB1-4EF7-A598-95AF39528FC9}.Release|x64.ActiveCfg = Release|x64
		{B8A443BA-1DB1-4EF7-A598-95AF39528FC9}.Release|x64.Build.0 = Release|x64
		{B8A443BA-1DB1-4EF7-A598-95AF39528FC9}.Release|x86.ActiveCfg = Release|Win32
		{B8A443BA-1DB1-4EF7-A598-95AF39528FC9}.Release|x86.Build.0 = Release|Win32
		{7B1C3078-51EE-4A53-A45F-47A33DEB390E}.Debug|x64.ActiveCfg = Debug|x64
		{7B1C3078-51EE-4A53-A45F-47A33DEB390E}.Debug|x64.Build.0 = Debug|x64
		{7B1C3078-51EE-4A53-A45F-47A33DEB390E}.Debug|x86.ActiveCfg = Debug|Win32
		{7B1C3078-51EE-4A53-A45F-47A33DEB390E}.Debug|x86.Build.0 = Debug|Win32
		{7B1C3078-51EE-4A53-A45F-47A33DEB390E}.Release|x64.ActiveCfg = Release|x64
		{7B1C3078-51EE-4A53-A45F-47A33DEB390E}.Release|x64.Build.0 = Release|x64
		{7B1C3078-51EE-4A53-A45F-47A33DEB390E}.Release|x86.ActiveCfg = Release|Win32
		{7B1C3078-51EE-4A53-A45F-47A33DEB390E}.Release|x86.Build.0 = Release|Win32
		{212F5074-59E6-4E97-AA1A-A6EFC4119EFE}.Debug|x64.ActiveCfg = Debug|x64
		{212F5074-59E6-4E97-AA1A-A6EFC4119EFE}.Debug|x64.Build.0 = Debug|x64
		{212F5074-59E6-4E97-AA1A-A6EFC4119EFE}.Debug|x86.ActiveCfg = Debug|Win32
		{212F5074-59E6-4E97-AA1A-A6EFC4119EFE}.Debug|x86.Build.0 = Debug|Win32
		{212F5074-59E6-4E97-AA1A-A6EFC4119EFE}.Release|x64.ActiveCfg = Release|x64
		{212F5074-59E6-4E97-AA1A-A6EFC4119EFE}.Release|x64.Build.0 = Release|x64
		{212F5074-59E6-4E97-AA1A-A6EFC4119EFE}.Release|x86.ActiveCfg = Release|Win32
		{212F5074-59E6-4E97-AA1A-A6EFC4119EFE}.Release|x86.Build.0 = Release|Win32
		{878A7CB4-476F-4DF5-8C06-C42DF03A8299}.Debug|x64.ActiveCfg = Debug|x64
		{878A7CB4-476F-4DF5-8C06-C42DF03A8299}.Debug|x64.Build.0 = Debug|x64
		{878A7CB4-476F-4DF5-8C06-C42DF03A8299}.Debug|x86.ActiveCfg = Debug|Win32
		{878A7CB4-476F-4DF5-8C06-C42DF03A8299}.Debug|x86.Build.0 = Debug|Win32
		{878A7CB4-476F-4DF5-8C06-C42DF03A8299}.Release|x64.ActiveCfg = Release|x64
		{878A7CB4-476F-4DF5-8C06-C42DF03A8299}.Release|x64.Build.0 = Release|x64
		{878A7CB4-476F-4DF5-8C06-C42DF03A8299}.Release|x86.ActiveCfg = Release|Win32
		{878A7CB4-476F-4DF5-8C06-C42DF03A8299}.Release|x86.Build.0 = Release|Win32
		{7716D680-171F-4744-8315-BAFD23689161}.Debug|x64.ActiveCfg = Debug|x64
		{7716D680-171F-4744-8315-BAFD23689161}.Debug|x64.Build.0 = Debug|x64
		{7716D680-171F-4744-8315-BAFD23689161}.Debug|x86.ActiveCfg = Debug|Win32
		{7716D680-171F-4744-8315-BAFD23689161}.Debug|x86.Build.0 = Debug|Win32
		{7716D680-171F-4744-8315-BAFD23689161}.Release|x64.ActiveCfg = Release|x64
		{7716D680-171F-4744-8315-BAFD23689161}.Release|x64.Build.0 = Release|x64
		{7716D680-171F-4744-8315-BAFD23689161}.Release|x86.ActiveCfg = Release|Win32
		{7716D680-171F-4744-8315-BAFD23689161}.Release|x86.Build.0 = Release|Win32
		{348F958B-E803-4E35-8649-D94265411036}.Debug|x64.ActiveCfg = Debug|x64
		{348F958B-E803-4E35-8649-D94265411036}.Debug|x64.Build.0 = Debug|x64
		{348F958B-E803-4E35-8649-D94265411036}.Debug|x86.ActiveCfg = Debug|Win32
		{348F958B-E803-4E35-8649-D94265411036}.Debug|x86.Build.0 = Debug|Win32
		{348F958B-E803-4E35-8649-D94265411036}.Release|x64.ActiveCfg = Release|x64
		{348F958B-E803-4E35-8649-D94265411036}.Release|x64.Build.0 = Release|x64
		{348F958B-E803-4E35-8649-D94265411036}.Release|x86.ActiveCfg = Release|Win32
		{348F958B-E803-4E35-8649-D94265411036}.Release|x86.Build.0 = Release|Win32
		{5B1DDBE7-7C76-41E5-B23E-F91281568225}.Debug|x64.ActiveCfg = Debug|x64
		{5B1DDBE7-7C76-41E5-B23E-F91281568225}.Debug|x64.Build.0 = Debug|x64
		{5B1DDBE7-7C76-41E5-B23E-F91281568225}.Debug|x86.ActiveCfg = Debug|Win32
		{5B1DDBE7-7C76-41E5-B23E-F91281568225}.Debug|x86.Build.0 = Debug|Win32
		{5B1DDBE7-7C76-41E5-B23E-F91281568225}.Release|x64.ActiveCfg = Release|x64
		{5B1DDBE7-7C76-41E5-B23E-F91281568225}.Release|x64.Build.0 = Release|x64
		{5B1DDBE7-7C76-41E5-B23E-F91281568225}.Release|x86.ActiveCfg = Release|Win32
		{5B1DDBE7-7C76-41E5-B23E-F91281568225}.Release|x86.Build.0 = Release|Win32
		{FE71B5E4-27FE-489F-84AB-997C2E36C370}.Debug|x64.ActiveCfg = Debug|x64
		{FE71B5E4-27FE-489F-84AB-997C2E36C370}.Debug|x64.Build.0 = Debug|x64
		{FE71B5E4-27FE-489F-84AB-997C2E36C370}.Debug|x86.ActiveCfg = Debug|Win32
		{FE71B5E4-27FE-489F-84AB-997C2E36C370}.Debug|x86.Build.0 = Debug|Win32
		{FE71B5E4-27FE-489F-84AB-997C2E36C370}.Release|x64.ActiveCfg = Release|x64
		{FE71B5E4-27FE-489F-84AB-997C2E36C370}.Release|x64.Build.0 = Release|x64
		{FE71B5E4-27FE-489F-84AB-997C2E36C370}.Release|x86.ActiveCfg = Release|Win32
		{FE71B5E4-27FE-489F-84AB-997C2E36C370}.Release|x86.Build.0 = Release|Win32
		{E1D0137D-EA64-4C26-AC1B-78060B44962F}.Debug|x64.ActiveCfg = Debug|x64
		{E1D0137D-EA64-4C26-AC1B-78060B44962F}.Debug|x64.Build.0 = Debug|x64
		{E1D0137D-EA64-4C26-AC1B-78060B44962F}.Debug|x86.ActiveCfg = Debug|Win32
		{E1D0137D-EA64-4C26-AC1B-78060B44962F}.Debug|x86.Build.0 = Debug|Win32
		{E1D0137D-EA64-4C26-AC1B-78060B44962F}.Release|x64.ActiveCfg = Release|x64
		{E1D0137D-EA64-4C26-AC1B-78060B44962F}.Release|x64.Build.0 = Release|x64
		{E1D0137D-EA64-4C26-AC1B-78060B44962F}.Release|x86.ActiveCfg = Release|Win32
		{E1D0137D-EA64-4C26-AC1B-78060B44962F}.Release|x86.Build.0 = Release|Win32
		{36C40B09-893C-4819-8408-19063AF1D4E9}.Debug|x64.ActiveCfg = Debug|x64
		{36C40B09-893C-4819-8408-19063AF1D4E9}.Debug|x64.Build.0 = Debug|x64
		{36C40B09-893C-4819-8408-19063AF1D4E9}.Debug|x86.ActiveCfg = Debug|Win32
		{36C40B09-893C-4819-8408-19063AF1D4E9}.Debug|x86.Build.0 = Debug|Win32
		{36C40B09-893C-4819-8408-19063AF1D4E9}.Release|x64.ActiveCfg = Release|x64
		{36C40B09-893C-4819-8408-19063AF1D4E9}.Release|x64.Build.0 = Release|x64
		{36C40B09-893C-4819-8408-19063AF1D4E9}.Release|x86.ActiveCfg = Release|Win32
		{36C40B09-893C-4819-8408-19063AF1D4E9}.Release|x86.Build.0 = Release|Win32
		{6FBDF4D7-0FF2-4A42-9920-35A173F82062}.Debug|x64.ActiveCfg = Debug|x64
		{6FBDF4D7-0FF2-4A42-9920-35A173F82062}.Debug|x64.Build.0 = Debug|x64
		{6FBDF4D7-0FF2-4A42-9920-35A173F82062}.Debug|x86.ActiveCfg = Debug|Win32
		{6FBDF4D7-0FF2-4A42-9920-35A173F82062}.Debug|x86.Build.0 = Debug|Win32
		{6FBDF4D7-0FF2-4A42-9920-35A173F82062}.Release|x64.ActiveCfg = Release|x64
		{6FBDF4D7-0FF2-4A42-9920-35A173F82062}.Release|x64.Build.0 = Release|x64
		{6FBDF4D7-0FF2-4A42-9920-35A173F82062}.Release|x86.ActiveCfg = Release|Win32
		{6FBDF4D7-0FF2-4A42-9920-35A173F82062}.Release|x86.Build.0 = Release|Win32
		{6B46BD0D-7D57-4078-ADB5-1046790C2A5C}.Debug|x64.ActiveCfg = Debug|x64
		{6B46BD0D-7D57-4078-ADB5-1046790C2A5C}.Debug|x64.Build.0 = Debug|x64
		{6B46BD0D-7D57-4078-ADB5-1046790C2A5C}.Debug|x86.ActiveCfg = Debug|Win32
		{6B46BD0D-7D57-4078-ADB5-1046790C2A5C}.Debug|x86.Build.0 = Debug|Win32
		{6B46BD0D-7D57-4078-ADB5-1046790C2A5C}.Release|x64.ActiveCfg = Release|x64
		{6B46BD0D-7D57-4078-ADB5-1046790C2A5C}.Release|x64.Build.0 = Release|x64
		{6B46BD0D-7D57-4078-ADB5-1046790C2A5C}.Release|x86.ActiveCfg = Release|Win32
		{6B46BD0D-7D57-4078-ADB5-1046790C2A5C}.Release|x86.Build.0 = Release|Win32
		{21F344AB-A08C-4929-A691-3744A5928FF2}.Debug|x64.ActiveCfg = Debug|x64
		{21F344AB-A08C-4929-A691-3744A5928FF2}.Debug|x64.Build.0 = Debug|x64
		{21F344AB-A08C-4929-A691-3744A5928FF2}.Debug|x86.ActiveCfg = Debug|Win32
		{21F344AB-A08C-4929-A691-3744A5928FF2}.Debug|x86.Build.0 = Debug|Win32
		{21F344AB-A08C-4929-A691-3744A5928FF2}.Release|x64.ActiveCfg = Release|x64
		{21F344AB-A08C-4929-A691-3744A5928FF2}.Release|x64.Build.0 = Release|x64
		{21F344AB-A08C-4929-A691-3744A5928FF2}.Release|x86.ActiveCfg = Release|Win32
		{21F344AB-A08C-4929-A691-3744A5928FF2}.Release|x86.Build.0 = Release|Win32
		{69AF77FE-6237-4253-B8E1-3C962D9FAEB3}.Debug|x64.ActiveCfg = Debug|x64
		{69AF77FE-6237-4253-B8E1-3C962D9FAEB3}.Debug|x64.Build.0 = Debug|x64
		{69AF77FE-6237-4253-B8E1-3C962D9FAEB3}.Debug|x86.ActiveCfg = Debug|Win32
		{69AF77FE-6237-4253-B8E1-3C962D9FAEB3}.Debug|x86.Build.0 = Debug|Win32
		{69AF77FE-6237-4253-B8E1-3C962D9FAEB3}.Release|x64.ActiveCfg = Release|x64
		{69AF77FE-6237-4253-B8E1-3C962D9FAEB3}.Release|x64.Build.0 = Release|x64
		{69AF77FE-6237-4253-B8E1-3C962D9FAEB3}.Release|x86.ActiveCfg = Release|Win32
		{69AF77FE-6237-4253-B8E1-3C962D9FAEB3}.Release|x86.Build.0 = Release|Win32
		{F6DD567F-5AC1-403F-8D07-A69D5AAE1616}.Debug|x64.ActiveCfg = Debug|x64
		{F6DD567F-5AC1-403F-8D07-A69D5AAE1616}.Debug|x64.Build.0 = Debug|x64
		{F6DD567F-5AC1-403F-8D07-A69D5AAE1616}.Debug|x86.ActiveCfg = Debug|Win32
		{F6DD567F-5AC1-403F-8D07-A69D5AAE1616}.Debug|x86.Build.0 = Debug|Win32
		{F6DD567F-5AC1-403F-8D07-A69D5AAE1616}.Release|x64.ActiveCfg = Release|x64
		{F6DD567F-5AC1-403F-8D07-A69D5AAE1616}.Release|x64.Build.0 = Release|x64
		{F6DD567F-5AC1-403F-8D07-A69D5AAE1616}.Release|x86.ActiveCfg = Release|Win32
		{F6DD567F-5AC1-403F-8D07-A69D5AAE1616}.Release|x86.Build.0 = Release|Win32
		{5FEAE712-2919-438B-8DD2-8BAE9763B8A7}.Debug|x64.ActiveCfg = Debug|x64
		{5FEAE712-2919-438B-8DD2-8BAE9763B8A7}.Debug|x64.Build.0 = Debug|x64
		{5FEAE712-2919-438B-8DD2-8BAE9763B8A7}.Debug|x86.ActiveCfg = Debug|Win32
		{5FEAE712-2919-438B-8DD2-8BAE9763B8A7}.Debug|x86.Build.0 = Debug|Win32
		{5FEAE712-2919-438B-8DD2-8BAE9763B8A7}.Release|x64.ActiveCfg = Release|x64
		{5FEAE712-2919-438B-8DD2-8BAE9763B8A7}.Release|x64.Build.0 = Release|x64
		{5FEAE712-2919-438B-8DD2-8BAE9763B8A7}.Release|x86.ActiveCfg = Release|Win32
		{5FEAE712-2919-438B-8DD2-8BAE9763B8A7}.Release|x86.Build.0 = Release|Win32
		{6F58B3B9-650D-48C4-87B3-C454ED93759B}.Debug|x64.ActiveCfg = Debug|x64
		{6F58B3B9-650D-48C4-87B3-C454ED93759B}.Debug|x64.Build.0 = Debug|x64
		{6F58B3B9-650D-48C4-87B3-C454ED93759B}.Debug|x86.ActiveCfg = Debug|Win32
		{6F58B3B9-650D-48C4-87B3-C454ED93759B}.Debug|x86.Build.0 = Debug|Win32
		{6F58B3B9-650D-48C4-87B3-C454ED93759B}.Release|x64.ActiveCfg = Release|x64
		{6F58B3B9-650D-48C4-87B3-C454ED93759B}.Release|x64.Build.0 = Release|x64
		{6F58B3B9-650D-48C4-87B3-C454ED93759B}.Release|x86.ActiveCfg = Release|Win32
		{6F58B3B9-650D-48C4-87B3-C454ED93759B}.Release|x86.Build.0 = Release|Win32
		{74A5B8BA-ED4D-4E10-8C7E-609AB3454ED1}.Debug|x64.ActiveCfg = Debug|x64
		{74A5B8BA-ED4D-4E10-8C7E-609AB3454ED1}.Debug|x64.Build.0 = Debug|x64
		{74A5B8BA-ED4D-4E10-8C7E-609AB3454ED1}.Debug|x86.ActiveCfg = Debug|Win32
		{74A5B8BA-ED4D-4E10-8C7E-609AB3454ED1}.Debug|x86.Build.0 = Debug|Win32
		{74A5B8BA-ED4D-4E10-8C7E-609AB3454ED1}.Release|x64.ActiveCfg = Release|x64
		{74A5B8BA-ED4D-4E10-8C7E-609AB3454ED1}.Release|x64.Build.0 = Release|x64
		{74A5B8BA-ED4D-4E10-8C7E-609AB3454ED1}.Release|x86.ActiveCfg = Release|Win32
		{74A5B8BA-ED4D-4E10-8C7E-609AB3454ED1}.Release|x86.Build.0 = Release|Win32
		{BADB76C2-6671-42CD-8546-F7E2D4F29F71}.Debug|x64.ActiveCfg = Debug|x64
		{BADB76C2-6671-42CD-8546-F7E2D4F29F71}.Debug|x64.Build.0 = Debug|x64
		{BADB76C2-6671-42CD-8546-F7E2D4F29F71}.Debug|x86.ActiveCfg = Debug|Win32
		{BADB76C2-6671-42CD-8546-F7E2D4F29F71}.Debug|x86.Build.0 = Debug|Win32
		{BADB76C2-6671-42CD-8546-F7E2D4F29F71}.Release|x64.ActiveCfg = Release|x64
		{BADB76C2-6671-42CD-8546-F7E2D4F29F71}.Release|x64.Build.0 = Release|x64
		{BADB76C2-6671-42CD-8546-F7E2D4F29F71}.Release|x86.ActiveCfg = Release|Win32
		{BADB76C2-6671-42CD-8546-F7E2D4F29F71}.Release|x86.Build.0 = Release|Win32
		{1D7196EE-043F-4368-B05B-4D4B94030914}.Debug|x64.ActiveCfg = Debug|x64
		{1D7196EE-043F-4368-B05B-4D4B94030914}.Debug|x64.Build.0 = Debug|x64
		{1D7196EE-043F-4368-B05B-4D4B94030914}.Debug|x86.ActiveCfg = Debug|Win32
		{1D7196EE-043F-4368-B05B-4D4B94030914}.Debug|x86.Build.0 = Debug|Win32
		{1D7196EE-043F-4368-B05B-4D4B94030914}.Release|x64.ActiveCfg = Release|x64
		{1D7196EE-043F-4368-B05B-4D4B94030914}.Release|x64.Build.0 = Release|x64
		{1D7196EE-043F-4368-B05B-4D4B94030914}.Release|x86.ActiveCfg = Release|Win32
		{1D7196EE-043F-4368-B05B-4D4B94030914}.Release|x86.Build.0 = Release|Win32
		{13D67695-6575-4915-A837-F91FA6A29857}.Debug|x64.ActiveCfg = Debug|x64
		{13D67695-6575-4915-A837-F91FA6A29857}.Debug|x64.Build.0 = Debug|x64
		{13D67695-6575-4915-A837-F91FA6A29857}.Debug|x86.ActiveCfg = Debug|Win32
		{13D67695-6575-4915-A837-F91FA6A29857}.Debug|x86.Build.0 = Debug|Win32
		{13D67695-6575-4915-A837-F91FA6A29857}.Release|x64.ActiveCfg = Release|x64
		{13D67695-6575-4915-A837-F91FA6A29857}.Release|x64.Build.0 = Release|x64
		{13D67695-6575-4915-A837-F91FA6A29857}.Release|x86.ActiveCfg = Release|Win32
		{13D67695-6575-4915-A837-F91FA6A29857}.Release|x86.Build.0 = Release|Win32
		{779EDF0A-204F-469C-82F4-C47161682298}.Debug|x64.ActiveCfg = Debug|x64
		{779EDF0A-204F-469C-82F4-C47161682298}.Debug|x64.Build.0 = Debug|x64
		{779EDF0A-204F-469C-82F4-C47161682298}.Debug|x86.ActiveCfg = Debug|Win32
		{779EDF0A-204F-469C-82F4-C47161682298}.Debug|x86.Build.0 = Debug|Win32
		{779EDF0A-204F-469C-82F4-C47161682298}.Release|x64.ActiveCfg = Release|x64
		{779EDF0A-204F-469C-82F4-C47161682298}.Release|x64.Build.0 = Release|x64
		{779EDF0A-204F-469C-82F4-C47161682298}.Release|x86.ActiveCfg = Release|Win32
		{779EDF0A-204F-469C-82F4-C47161682298}.Release|x86.Build.0 = Release|Win32
		{E04381B7-8AF3-4818-BF8D-B59209ECA484}.Debug|x64.ActiveCfg = Debug|x64
		{E04381B7-8AF3-4818-BF8D-B59209ECA484}.Debug|x64.Build.0 = Debug|x64
		{E04381B7-8AF3-4818-BF8D-B59209ECA484}.Debug|x86.ActiveCfg = Debug|Win32
		{E04381B7-8AF3-4818-BF8D-B59209ECA484}.Debug|x86.Build.0 = Debug|Win32
		{E04381B7-8AF3-4818-BF8D-B59209ECA484}.Release|x64.ActiveCfg = Release|x64
		{E04381B7-8AF3-4818-BF8D-B59209ECA484}.Release|x64.Build.0 = Release|x64
		{E04381B7-8AF3-4818-BF8D-B59209ECA484}.Release|x86.ActiveCfg = Release|Win32
		{E04381B7-8AF3-4818-BF8D-B59209ECA484}.Release|x86.Build.0 = Release|Win32
		{C4FBDFEB-AAC2-42E8-807D-328DD886BF12}.Debug|x64.ActiveCfg = Debug|x64
		{C4FBDFEB-AAC2-42E8-807D-328DD886BF12}.Debug|x64.Build.0 = Debug|x64
		{C4FBDFEB-AAC2-42E8-807D-328DD886BF12}.Debug|x86.ActiveCfg = Debug|Win32
		{C4FBDFEB-AAC2-42E8-807D-328DD886BF12}.Debug|x86.Build.0 = Debug|Win32
		{C4FBDFEB-AAC2-42E8-807D-328DD886BF12}.Release|x64.ActiveCfg = Release|x64
		{C4FBDFEB-AAC2-42E8-807D-328DD886BF12}.Release|x64.Build.0 = Release|x64
		{C4FBDFEB-AAC2-42E8-807D-328DD886BF12}.Release|x86.ActiveCfg = Release|Win32
		{C4FBDFEB-AAC2-42E8-807D-328DD886BF12}.Release|x86.Build.0 = Release|Win32
		{6F94571A-2DAE-4755-974A-B23FDF45E1FC}.Debug|x64.ActiveCfg = Debug|x64
		{6F94571A-2DAE-4755-974A-B23FDF45E1FC}.Debug|x64.Build.0 = Debug|x64
		{6F94571A-2DAE-4755-974A-B23FDF45E1FC}.Debug|x86.ActiveCfg = Debug|Win32
		{6F94571A-2DAE-4755-974A-B23FDF45E1FC}.Debug|x86.Build.0 = Debug|Win32
		{6F94571A-2DAE-4755-974A-B23FDF45E1FC}.Release|x64.ActiveCfg = Release|x64
		{6F94571A-2DAE-4755-974A-B23FDF45E1FC}.Release|x64.Build.0 = Release|x64
		{6F94571A-2DAE-4755-974A-B23FDF45E1FC}.Release|x86.ActiveCfg = Release|Win32
		{6F94571A-2DAE-4755-974A-B23FDF45E1FC}.Release|x86.Build.0 = Release|Win32
		{290896A2-91F1-4E20-8801-AB93596733C5}.Debug|x64.ActiveCfg = Debug|x64
		{290896A2-91F1-4E20-8801-AB93596733C5}.Debug|x64.Build.0 = Debug|x64
		{290896A2-91F1-4E20-8801-AB93596733C5}.Debug|x86.ActiveCfg = Debug|Win32
		{290896A2-91F1-4E20-8801-AB93596733C5}.Debug|x86.Build.0 = Debug|Win32
		{290896A2-91F1-4E20-8801-AB93596733C5}.Release|x64.ActiveCfg = Release|x64
		{290896A2-91F1-4E20-8801-AB93596733C5}.Release|x64.Build.0 = Release|x64
		{290896A2-91F1-4E20-8801-AB93596733C5}.Release|x86.ActiveCfg = Release|Win32
		{290896A2-91F1-4E20-8801-AB93596733C5}.Release|x86.Build.0 = Release|Win32
		{38226B3A-3689-450E-91F2-CD23AA8AC6C6}.Debug|x64.ActiveCfg = Debug|x64
		{38226B3A-3689-450E-91F2-CD23AA8AC6C6}.Debug|x64.Build.0 = Debug|x64
		{38226B3A-3689-450E-91F2-CD23AA8AC6C6}.Debug|x86.ActiveCfg = Debug|Win32
		{38226B3A-3689-450E-91F2-CD23AA8AC6C6}.Debug|x86.Build.0 = Debug|Win32
		{38226B3A-3689-450E-91F2-CD23AA8AC6C6}.Release|x64.ActiveCfg = Release|x64
		{38226B3A-3689-450E-91F2-CD23AA8AC6C6}.Release|x64.Build.0 = Release|x64
		{38226B3A-3689-450E-91F2-CD23AA8AC6C6}.Release|x86.ActiveCfg = Release|Win32
		{38226B3A-3689-450E-91F2-CD23AA8AC6C6}.Release|x86.Build.0 = Release|Win32
		{0A9B1917-EFAA-4965-9045-9E9222C94DFF}.Debug|x64.ActiveCfg = Debug|x64
		{0A9B1917-EFAA-4965-9045-9E9222C94DFF}.Debug|x64.Build.0 = Debug|x64
		{0A9B1917-EFAA-4965-9045-9E9222C94DFF}.Debug|x86.ActiveCfg = Debug|Win32
		{0A9B1917-EFAA-4965-9045-9E9222C94DFF}.Debug|x86.Build.0 = Debug|Win32
		{0A9B1917-EFAA-4965-9045-9E9222C94DFF}.Release|x64.ActiveCfg = Release|x64
		{0A9B1917-EFAA-4965-9045-9E9222C94DFF}.Release|x64.Build.0 = Release|x64
		{0A9B1917-EFAA-4965-9045-9E9222C94DFF}.Release|x86.ActiveCfg = Release|Win32
		{0A9B1917-EFAA-4965-9045-9E9222C94DFF}.Release|x86.Build.0 = Release|Win32
		{57708EF9-B688-4624-9E3A-515875A36943}.Debug|x64.ActiveCfg = Debug|x64
		{57708EF9-B688-4624-9E3A-515875A36943}.Debug|x64.Build.0 = Debug|x64
		{57708EF9-B688-4624-9E3A-515875A36943}.Debug|x86.ActiveCfg = Debug|Win32
		{57708EF9-B688-4624-9E3A-515875A36943}.Debug|x86.Build.0 = Debug|Win32
		{57708EF9-B688-4624-9E3A-515875A36943}.Release|x64.ActiveCfg = Release|x64
		{57708EF9-B688-4624-9E3A-515875A36943}.Release|x64.Build.0 = Release|x64
		{57708EF9-B688-4624-9E3A-515875A36943}.Release|x86.ActiveCfg = Release|Win32
		{57708EF9-B688-4624-9E3A-515875A36943}.Release|x86.Build.0 = Release|Win32
	EndGlobalSection
	GlobalSection(SolutionProperties) = preSolution
		HideSolutionNode = FALSE
	EndGlobalSection
EndGlobal
