
Microsoft Visual Studio Solution File, Format Version 12.00
# Visual Studio 14
VisualStudioVersion = 14.0.24720.0
MinimumVisualStudioVersion = 10.0.40219.1
Project("{8BC9CEB8-8B4A-11D0-8D11-00A0C91BC942}") = "tle17c3p1", "tle17c3p1\tle17c3p1.vcxproj", "{612037F5-BA60-4E2A-9963-24F93DBA55D2}"
EndProject
Project("{8BC9CEB8-8B4A-11D0-8D11-00A0C91BC942}") = "tle17c3p2e", "tle17c3p2e\tle17c3p2e.vcxproj", "{9393971F-BB53-4A1B-A501-25539B7584F3}"
EndProject
Project("{8BC9CEB8-8B4A-11D0-8D11-00A0C91BC942}") = "tree2", "tree2\tree2.vcxproj", "{DDAC8FFA-DCF6-461D-AD6A-E7B8878FDC54}"
EndProject
Project("{8BC9CEB8-8B4A-11D0-8D11-00A0C91BC942}") = "raytracing", "raytracing\raytracing.vcxproj", "{53280656-0C25-4753-874E-CE6C3A8F920E}"
EndProject
Project("{8BC9CEB8-8B4A-11D0-8D11-00A0C91BC942}") = "ccoprep1p3", "ccoprep1p3\ccoprep1p3.vcxproj", "{F9B1C580-AA78-4D6F-B3EC-40DA31C49544}"
EndProject
Project("{8BC9CEB8-8B4A-11D0-8D11-00A0C91BC942}") = "dmopc14c2p6", "dmopc14c2p6\dmopc14c2p6.vcxproj", "{0B6416B9-895E-4040-A7D4-19239BCD773E}"
EndProject
Project("{8BC9CEB8-8B4A-11D0-8D11-00A0C91BC942}") = "dmopc17c3p0", "dmopc17c3p0\dmopc17c3p0.vcxproj", "{972F970C-9B66-467A-8D96-E5F3C311B0AA}"
EndProject
Project("{8BC9CEB8-8B4A-11D0-8D11-00A0C91BC942}") = "dmopc17c3p1", "dmopc17c3p1\dmopc17c3p1.vcxproj", "{5714CB3B-7364-4D9A-95CC-F52F66B370A0}"
EndProject
Project("{8BC9CEB8-8B4A-11D0-8D11-00A0C91BC942}") = "dmopc17c3p2", "dmopc17c3p2\dmopc17c3p2.vcxproj", "{3148C5D1-4E33-4FE2-89E1-84EC02CD79D0}"
EndProject
Project("{8BC9CEB8-8B4A-11D0-8D11-00A0C91BC942}") = "dmopc17c3p3", "dmopc17c3p3\dmopc17c3p3.vcxproj", "{48B959C9-6161-43F3-9449-F22FAFB3576D}"
EndProject
Project("{8BC9CEB8-8B4A-11D0-8D11-00A0C91BC942}") = "dmopc17c3p6", "dmopc17c3p6\dmopc17c3p6.vcxproj", "{9A6CCFC3-09E1-4017-88AF-5CEA821FAA39}"
EndProject
Project("{8BC9CEB8-8B4A-11D0-8D11-00A0C91BC942}") = "dmopc17c3p4", "dmopc17c3p4\dmopc17c3p4.vcxproj", "{4BFB0765-079C-4497-90F7-2006CF20E633}"
EndProject
Project("{8BC9CEB8-8B4A-11D0-8D11-00A0C91BC942}") = "dmopc17c3p5", "dmopc17c3p5\dmopc17c3p5.vcxproj", "{B8A4D47E-B680-47D6-81BE-82C99439B59A}"
EndProject
Project("{8BC9CEB8-8B4A-11D0-8D11-00A0C91BC942}") = "ccoqr16p2", "ccoqr16p2\ccoqr16p2.vcxproj", "{E66505F5-87A7-49BB-A51E-08D2CAFD9586}"
EndProject
Project("{8BC9CEB8-8B4A-11D0-8D11-00A0C91BC942}") = "si17c3p5", "si17c3p5\si17c3p5.vcxproj", "{6FE3443E-955F-43A7-95B0-6B489520F6C1}"
EndProject
Project("{8BC9CEB8-8B4A-11D0-8D11-00A0C91BC942}") = "coci06c3p5", "coci06c3p5\coci06c3p5.vcxproj", "{B22BCCA2-9ADB-43E4-931D-BFBF2017A4D6}"
EndProject
Project("{8BC9CEB8-8B4A-11D0-8D11-00A0C91BC942}") = "coci14c3p4", "coci14c3p4\coci14c3p4.vcxproj", "{ED783551-A29C-4E3F-9E09-DDCAEE52FFFA}"
EndProject
Project("{8BC9CEB8-8B4A-11D0-8D11-00A0C91BC942}") = "mmcc14p2", "mmcc14p2\mmcc14p2.vcxproj", "{F14DE6A8-A654-4EB5-9652-F2D1A9395576}"
EndProject
Project("{8BC9CEB8-8B4A-11D0-8D11-00A0C91BC942}") = "ds3", "ds3\ds3.vcxproj", "{2C65A4BE-F9C0-41B4-BE14-0A481F160981}"
EndProject
Project("{8BC9CEB8-8B4A-11D0-8D11-00A0C91BC942}") = "Resources", "Resources\Resources.vcxproj", "{08699A48-0A84-43D2-B70E-DD330FDF9755}"
EndProject
Project("{8BC9CEB8-8B4A-11D0-8D11-00A0C91BC942}") = "tle17c3p5", "tle17c3p5\tle17c3p5.vcxproj", "{2DB7FE7E-BC24-43C1-9726-7E647771D7E9}"
EndProject
Project("{8BC9CEB8-8B4A-11D0-8D11-00A0C91BC942}") = "ioi01p1", "ioi01p1\ioi01p1.vcxproj", "{617B474B-ADC7-4CC3-A677-0B262B73C57F}"
EndProject
Project("{8BC9CEB8-8B4A-11D0-8D11-00A0C91BC942}") = "dmpg17g2", "dmpg17g2\dmpg17g2.vcxproj", "{DBA52FF4-338C-4ED3-8F13-FCD28833AA2B}"
EndProject
Project("{8BC9CEB8-8B4A-11D0-8D11-00A0C91BC942}") = "dmopc15c3p5", "dmopc15c3p5\dmopc15c3p5.vcxproj", "{10098056-FB79-4288-907F-74042CDE19D5}"
EndProject
Project("{8BC9CEB8-8B4A-11D0-8D11-00A0C91BC942}") = "dmopc13c1p5", "dmopc13c1p5\dmopc13c1p5.vcxproj", "{F2F26733-3149-4A2C-90D3-D289DBAE1408}"
EndProject
Project("{8BC9CEB8-8B4A-11D0-8D11-00A0C91BC942}") = "coci14c1p5", "coci14c1p5\coci14c1p5.vcxproj", "{ADD292AB-6915-45FB-AC41-E6059976C85D}"
EndProject
Project("{8BC9CEB8-8B4A-11D0-8D11-00A0C91BC942}") = "cco15p4", "cco15p4\cco15p4.vcxproj", "{3DD0B684-B7A5-4528-AF47-1B03434567F1}"
EndProject
Project("{8BC9CEB8-8B4A-11D0-8D11-00A0C91BC942}") = "cco08p5", "cco08p5\cco08p5.vcxproj", "{76087734-AC9C-4F04-88DA-17C275C67790}"
EndProject
Project("{8BC9CEB8-8B4A-11D0-8D11-00A0C91BC942}") = "bts16p7", "bts16p7\bts16p7.vcxproj", "{1B494006-A806-457F-A356-AE289681CB35}"
EndProject
Project("{8BC9CEB8-8B4A-11D0-8D11-00A0C91BC942}") = "apio12p1", "apio12p1\apio12p1.vcxproj", "{21C444C8-1AFA-4247-88C9-9740076AF1B6}"
EndProject
Global
	GlobalSection(SolutionConfigurationPlatforms) = preSolution
		Debug|x64 = Debug|x64
		Debug|x86 = Debug|x86
		Release|x64 = Release|x64
		Release|x86 = Release|x86
	EndGlobalSection
	GlobalSection(ProjectConfigurationPlatforms) = postSolution
		{612037F5-BA60-4E2A-9963-24F93DBA55D2}.Debug|x64.ActiveCfg = Debug|x64
		{612037F5-BA60-4E2A-9963-24F93DBA55D2}.Debug|x64.Build.0 = Debug|x64
		{612037F5-BA60-4E2A-9963-24F93DBA55D2}.Debug|x86.ActiveCfg = Debug|Win32
		{612037F5-BA60-4E2A-9963-24F93DBA55D2}.Debug|x86.Build.0 = Debug|Win32
		{612037F5-BA60-4E2A-9963-24F93DBA55D2}.Release|x64.ActiveCfg = Release|x64
		{612037F5-BA60-4E2A-9963-24F93DBA55D2}.Release|x64.Build.0 = Release|x64
		{612037F5-BA60-4E2A-9963-24F93DBA55D2}.Release|x86.ActiveCfg = Release|Win32
		{612037F5-BA60-4E2A-9963-24F93DBA55D2}.Release|x86.Build.0 = Release|Win32
		{9393971F-BB53-4A1B-A501-25539B7584F3}.Debug|x64.ActiveCfg = Debug|x64
		{9393971F-BB53-4A1B-A501-25539B7584F3}.Debug|x64.Build.0 = Debug|x64
		{9393971F-BB53-4A1B-A501-25539B7584F3}.Debug|x86.ActiveCfg = Debug|Win32
		{9393971F-BB53-4A1B-A501-25539B7584F3}.Debug|x86.Build.0 = Debug|Win32
		{9393971F-BB53-4A1B-A501-25539B7584F3}.Release|x64.ActiveCfg = Release|x64
		{9393971F-BB53-4A1B-A501-25539B7584F3}.Release|x64.Build.0 = Release|x64
		{9393971F-BB53-4A1B-A501-25539B7584F3}.Release|x86.ActiveCfg = Release|Win32
		{9393971F-BB53-4A1B-A501-25539B7584F3}.Release|x86.Build.0 = Release|Win32
		{DDAC8FFA-DCF6-461D-AD6A-E7B8878FDC54}.Debug|x64.ActiveCfg = Debug|x64
		{DDAC8FFA-DCF6-461D-AD6A-E7B8878FDC54}.Debug|x64.Build.0 = Debug|x64
		{DDAC8FFA-DCF6-461D-AD6A-E7B8878FDC54}.Debug|x86.ActiveCfg = Debug|Win32
		{DDAC8FFA-DCF6-461D-AD6A-E7B8878FDC54}.Debug|x86.Build.0 = Debug|Win32
		{DDAC8FFA-DCF6-461D-AD6A-E7B8878FDC54}.Release|x64.ActiveCfg = Release|x64
		{DDAC8FFA-DCF6-461D-AD6A-E7B8878FDC54}.Release|x64.Build.0 = Release|x64
		{DDAC8FFA-DCF6-461D-AD6A-E7B8878FDC54}.Release|x86.ActiveCfg = Release|Win32
		{DDAC8FFA-DCF6-461D-AD6A-E7B8878FDC54}.Release|x86.Build.0 = Release|Win32
		{53280656-0C25-4753-874E-CE6C3A8F920E}.Debug|x64.ActiveCfg = Debug|x64
		{53280656-0C25-4753-874E-CE6C3A8F920E}.Debug|x64.Build.0 = Debug|x64
		{53280656-0C25-4753-874E-CE6C3A8F920E}.Debug|x86.ActiveCfg = Debug|Win32
		{53280656-0C25-4753-874E-CE6C3A8F920E}.Debug|x86.Build.0 = Debug|Win32
		{53280656-0C25-4753-874E-CE6C3A8F920E}.Release|x64.ActiveCfg = Release|x64
		{53280656-0C25-4753-874E-CE6C3A8F920E}.Release|x64.Build.0 = Release|x64
		{53280656-0C25-4753-874E-CE6C3A8F920E}.Release|x86.ActiveCfg = Release|Win32
		{53280656-0C25-4753-874E-CE6C3A8F920E}.Release|x86.Build.0 = Release|Win32
		{F9B1C580-AA78-4D6F-B3EC-40DA31C49544}.Debug|x64.ActiveCfg = Debug|x64
		{F9B1C580-AA78-4D6F-B3EC-40DA31C49544}.Debug|x64.Build.0 = Debug|x64
		{F9B1C580-AA78-4D6F-B3EC-40DA31C49544}.Debug|x86.ActiveCfg = Debug|Win32
		{F9B1C580-AA78-4D6F-B3EC-40DA31C49544}.Debug|x86.Build.0 = Debug|Win32
		{F9B1C580-AA78-4D6F-B3EC-40DA31C49544}.Release|x64.ActiveCfg = Release|x64
		{F9B1C580-AA78-4D6F-B3EC-40DA31C49544}.Release|x64.Build.0 = Release|x64
		{F9B1C580-AA78-4D6F-B3EC-40DA31C49544}.Release|x86.ActiveCfg = Release|Win32
		{F9B1C580-AA78-4D6F-B3EC-40DA31C49544}.Release|x86.Build.0 = Release|Win32
		{0B6416B9-895E-4040-A7D4-19239BCD773E}.Debug|x64.ActiveCfg = Debug|x64
		{0B6416B9-895E-4040-A7D4-19239BCD773E}.Debug|x64.Build.0 = Debug|x64
		{0B6416B9-895E-4040-A7D4-19239BCD773E}.Debug|x86.ActiveCfg = Debug|Win32
		{0B6416B9-895E-4040-A7D4-19239BCD773E}.Debug|x86.Build.0 = Debug|Win32
		{0B6416B9-895E-4040-A7D4-19239BCD773E}.Release|x64.ActiveCfg = Release|x64
		{0B6416B9-895E-4040-A7D4-19239BCD773E}.Release|x64.Build.0 = Release|x64
		{0B6416B9-895E-4040-A7D4-19239BCD773E}.Release|x86.ActiveCfg = Release|Win32
		{0B6416B9-895E-4040-A7D4-19239BCD773E}.Release|x86.Build.0 = Release|Win32
		{972F970C-9B66-467A-8D96-E5F3C311B0AA}.Debug|x64.ActiveCfg = Debug|x64
		{972F970C-9B66-467A-8D96-E5F3C311B0AA}.Debug|x64.Build.0 = Debug|x64
		{972F970C-9B66-467A-8D96-E5F3C311B0AA}.Debug|x86.ActiveCfg = Debug|Win32
		{972F970C-9B66-467A-8D96-E5F3C311B0AA}.Debug|x86.Build.0 = Debug|Win32
		{972F970C-9B66-467A-8D96-E5F3C311B0AA}.Release|x64.ActiveCfg = Release|x64
		{972F970C-9B66-467A-8D96-E5F3C311B0AA}.Release|x64.Build.0 = Release|x64
		{972F970C-9B66-467A-8D96-E5F3C311B0AA}.Release|x86.ActiveCfg = Release|Win32
		{972F970C-9B66-467A-8D96-E5F3C311B0AA}.Release|x86.Build.0 = Release|Win32
		{5714CB3B-7364-4D9A-95CC-F52F66B370A0}.Debug|x64.ActiveCfg = Debug|x64
		{5714CB3B-7364-4D9A-95CC-F52F66B370A0}.Debug|x64.Build.0 = Debug|x64
		{5714CB3B-7364-4D9A-95CC-F52F66B370A0}.Debug|x86.ActiveCfg = Debug|Win32
		{5714CB3B-7364-4D9A-95CC-F52F66B370A0}.Debug|x86.Build.0 = Debug|Win32
		{5714CB3B-7364-4D9A-95CC-F52F66B370A0}.Release|x64.ActiveCfg = Release|x64
		{5714CB3B-7364-4D9A-95CC-F52F66B370A0}.Release|x64.Build.0 = Release|x64
		{5714CB3B-7364-4D9A-95CC-F52F66B370A0}.Release|x86.ActiveCfg = Release|Win32
		{5714CB3B-7364-4D9A-95CC-F52F66B370A0}.Release|x86.Build.0 = Release|Win32
		{3148C5D1-4E33-4FE2-89E1-84EC02CD79D0}.Debug|x64.ActiveCfg = Debug|x64
		{3148C5D1-4E33-4FE2-89E1-84EC02CD79D0}.Debug|x64.Build.0 = Debug|x64
		{3148C5D1-4E33-4FE2-89E1-84EC02CD79D0}.Debug|x86.ActiveCfg = Debug|Win32
		{3148C5D1-4E33-4FE2-89E1-84EC02CD79D0}.Debug|x86.Build.0 = Debug|Win32
		{3148C5D1-4E33-4FE2-89E1-84EC02CD79D0}.Release|x64.ActiveCfg = Release|x64
		{3148C5D1-4E33-4FE2-89E1-84EC02CD79D0}.Release|x64.Build.0 = Release|x64
		{3148C5D1-4E33-4FE2-89E1-84EC02CD79D0}.Release|x86.ActiveCfg = Release|Win32
		{3148C5D1-4E33-4FE2-89E1-84EC02CD79D0}.Release|x86.Build.0 = Release|Win32
		{48B959C9-6161-43F3-9449-F22FAFB3576D}.Debug|x64.ActiveCfg = Debug|x64
		{48B959C9-6161-43F3-9449-F22FAFB3576D}.Debug|x64.Build.0 = Debug|x64
		{48B959C9-6161-43F3-9449-F22FAFB3576D}.Debug|x86.ActiveCfg = Debug|Win32
		{48B959C9-6161-43F3-9449-F22FAFB3576D}.Debug|x86.Build.0 = Debug|Win32
		{48B959C9-6161-43F3-9449-F22FAFB3576D}.Release|x64.ActiveCfg = Release|x64
		{48B959C9-6161-43F3-9449-F22FAFB3576D}.Release|x64.Build.0 = Release|x64
		{48B959C9-6161-43F3-9449-F22FAFB3576D}.Release|x86.ActiveCfg = Release|Win32
		{48B959C9-6161-43F3-9449-F22FAFB3576D}.Release|x86.Build.0 = Release|Win32
		{9A6CCFC3-09E1-4017-88AF-5CEA821FAA39}.Debug|x64.ActiveCfg = Debug|x64
		{9A6CCFC3-09E1-4017-88AF-5CEA821FAA39}.Debug|x64.Build.0 = Debug|x64
		{9A6CCFC3-09E1-4017-88AF-5CEA821FAA39}.Debug|x86.ActiveCfg = Debug|Win32
		{9A6CCFC3-09E1-4017-88AF-5CEA821FAA39}.Debug|x86.Build.0 = Debug|Win32
		{9A6CCFC3-09E1-4017-88AF-5CEA821FAA39}.Release|x64.ActiveCfg = Release|x64
		{9A6CCFC3-09E1-4017-88AF-5CEA821FAA39}.Release|x64.Build.0 = Release|x64
		{9A6CCFC3-09E1-4017-88AF-5CEA821FAA39}.Release|x86.ActiveCfg = Release|Win32
		{9A6CCFC3-09E1-4017-88AF-5CEA821FAA39}.Release|x86.Build.0 = Release|Win32
		{4BFB0765-079C-4497-90F7-2006CF20E633}.Debug|x64.ActiveCfg = Debug|x64
		{4BFB0765-079C-4497-90F7-2006CF20E633}.Debug|x64.Build.0 = Debug|x64
		{4BFB0765-079C-4497-90F7-2006CF20E633}.Debug|x86.ActiveCfg = Debug|Win32
		{4BFB0765-079C-4497-90F7-2006CF20E633}.Debug|x86.Build.0 = Debug|Win32
		{4BFB0765-079C-4497-90F7-2006CF20E633}.Release|x64.ActiveCfg = Release|x64
		{4BFB0765-079C-4497-90F7-2006CF20E633}.Release|x64.Build.0 = Release|x64
		{4BFB0765-079C-4497-90F7-2006CF20E633}.Release|x86.ActiveCfg = Release|Win32
		{4BFB0765-079C-4497-90F7-2006CF20E633}.Release|x86.Build.0 = Release|Win32
		{B8A4D47E-B680-47D6-81BE-82C99439B59A}.Debug|x64.ActiveCfg = Debug|x64
		{B8A4D47E-B680-47D6-81BE-82C99439B59A}.Debug|x64.Build.0 = Debug|x64
		{B8A4D47E-B680-47D6-81BE-82C99439B59A}.Debug|x86.ActiveCfg = Debug|Win32
		{B8A4D47E-B680-47D6-81BE-82C99439B59A}.Debug|x86.Build.0 = Debug|Win32
		{B8A4D47E-B680-47D6-81BE-82C99439B59A}.Release|x64.ActiveCfg = Release|x64
		{B8A4D47E-B680-47D6-81BE-82C99439B59A}.Release|x64.Build.0 = Release|x64
		{B8A4D47E-B680-47D6-81BE-82C99439B59A}.Release|x86.ActiveCfg = Release|Win32
		{B8A4D47E-B680-47D6-81BE-82C99439B59A}.Release|x86.Build.0 = Release|Win32
		{E66505F5-87A7-49BB-A51E-08D2CAFD9586}.Debug|x64.ActiveCfg = Debug|x64
		{E66505F5-87A7-49BB-A51E-08D2CAFD9586}.Debug|x64.Build.0 = Debug|x64
		{E66505F5-87A7-49BB-A51E-08D2CAFD9586}.Debug|x86.ActiveCfg = Debug|Win32
		{E66505F5-87A7-49BB-A51E-08D2CAFD9586}.Debug|x86.Build.0 = Debug|Win32
		{E66505F5-87A7-49BB-A51E-08D2CAFD9586}.Release|x64.ActiveCfg = Release|x64
		{E66505F5-87A7-49BB-A51E-08D2CAFD9586}.Release|x64.Build.0 = Release|x64
		{E66505F5-87A7-49BB-A51E-08D2CAFD9586}.Release|x86.ActiveCfg = Release|Win32
		{E66505F5-87A7-49BB-A51E-08D2CAFD9586}.Release|x86.Build.0 = Release|Win32
		{6FE3443E-955F-43A7-95B0-6B489520F6C1}.Debug|x64.ActiveCfg = Debug|x64
		{6FE3443E-955F-43A7-95B0-6B489520F6C1}.Debug|x64.Build.0 = Debug|x64
		{6FE3443E-955F-43A7-95B0-6B489520F6C1}.Debug|x86.ActiveCfg = Debug|Win32
		{6FE3443E-955F-43A7-95B0-6B489520F6C1}.Debug|x86.Build.0 = Debug|Win32
		{6FE3443E-955F-43A7-95B0-6B489520F6C1}.Release|x64.ActiveCfg = Release|x64
		{6FE3443E-955F-43A7-95B0-6B489520F6C1}.Release|x64.Build.0 = Release|x64
		{6FE3443E-955F-43A7-95B0-6B489520F6C1}.Release|x86.ActiveCfg = Release|Win32
		{6FE3443E-955F-43A7-95B0-6B489520F6C1}.Release|x86.Build.0 = Release|Win32
		{B22BCCA2-9ADB-43E4-931D-BFBF2017A4D6}.Debug|x64.ActiveCfg = Debug|x64
		{B22BCCA2-9ADB-43E4-931D-BFBF2017A4D6}.Debug|x64.Build.0 = Debug|x64
		{B22BCCA2-9ADB-43E4-931D-BFBF2017A4D6}.Debug|x86.ActiveCfg = Debug|Win32
		{B22BCCA2-9ADB-43E4-931D-BFBF2017A4D6}.Debug|x86.Build.0 = Debug|Win32
		{B22BCCA2-9ADB-43E4-931D-BFBF2017A4D6}.Release|x64.ActiveCfg = Release|x64
		{B22BCCA2-9ADB-43E4-931D-BFBF2017A4D6}.Release|x64.Build.0 = Release|x64
		{B22BCCA2-9ADB-43E4-931D-BFBF2017A4D6}.Release|x86.ActiveCfg = Release|Win32
		{B22BCCA2-9ADB-43E4-931D-BFBF2017A4D6}.Release|x86.Build.0 = Release|Win32
		{ED783551-A29C-4E3F-9E09-DDCAEE52FFFA}.Debug|x64.ActiveCfg = Debug|x64
		{ED783551-A29C-4E3F-9E09-DDCAEE52FFFA}.Debug|x64.Build.0 = Debug|x64
		{ED783551-A29C-4E3F-9E09-DDCAEE52FFFA}.Debug|x86.ActiveCfg = Debug|Win32
		{ED783551-A29C-4E3F-9E09-DDCAEE52FFFA}.Debug|x86.Build.0 = Debug|Win32
		{ED783551-A29C-4E3F-9E09-DDCAEE52FFFA}.Release|x64.ActiveCfg = Release|x64
		{ED783551-A29C-4E3F-9E09-DDCAEE52FFFA}.Release|x64.Build.0 = Release|x64
		{ED783551-A29C-4E3F-9E09-DDCAEE52FFFA}.Release|x86.ActiveCfg = Release|Win32
		{ED783551-A29C-4E3F-9E09-DDCAEE52FFFA}.Release|x86.Build.0 = Release|Win32
		{F14DE6A8-A654-4EB5-9652-F2D1A9395576}.Debug|x64.ActiveCfg = Debug|x64
		{F14DE6A8-A654-4EB5-9652-F2D1A9395576}.Debug|x64.Build.0 = Debug|x64
		{F14DE6A8-A654-4EB5-9652-F2D1A9395576}.Debug|x86.ActiveCfg = Debug|Win32
		{F14DE6A8-A654-4EB5-9652-F2D1A9395576}.Debug|x86.Build.0 = Debug|Win32
		{F14DE6A8-A654-4EB5-9652-F2D1A9395576}.Release|x64.ActiveCfg = Release|x64
		{F14DE6A8-A654-4EB5-9652-F2D1A9395576}.Release|x64.Build.0 = Release|x64
		{F14DE6A8-A654-4EB5-9652-F2D1A9395576}.Release|x86.ActiveCfg = Release|Win32
		{F14DE6A8-A654-4EB5-9652-F2D1A9395576}.Release|x86.Build.0 = Release|Win32
		{2C65A4BE-F9C0-41B4-BE14-0A481F160981}.Debug|x64.ActiveCfg = Debug|x64
		{2C65A4BE-F9C0-41B4-BE14-0A481F160981}.Debug|x64.Build.0 = Debug|x64
		{2C65A4BE-F9C0-41B4-BE14-0A481F160981}.Debug|x86.ActiveCfg = Debug|Win32
		{2C65A4BE-F9C0-41B4-BE14-0A481F160981}.Debug|x86.Build.0 = Debug|Win32
		{2C65A4BE-F9C0-41B4-BE14-0A481F160981}.Release|x64.ActiveCfg = Release|x64
		{2C65A4BE-F9C0-41B4-BE14-0A481F160981}.Release|x64.Build.0 = Release|x64
		{2C65A4BE-F9C0-41B4-BE14-0A481F160981}.Release|x86.ActiveCfg = Release|Win32
		{2C65A4BE-F9C0-41B4-BE14-0A481F160981}.Release|x86.Build.0 = Release|Win32
		{08699A48-0A84-43D2-B70E-DD330FDF9755}.Debug|x64.ActiveCfg = Debug|x64
		{08699A48-0A84-43D2-B70E-DD330FDF9755}.Debug|x64.Build.0 = Debug|x64
		{08699A48-0A84-43D2-B70E-DD330FDF9755}.Debug|x86.ActiveCfg = Debug|Win32
		{08699A48-0A84-43D2-B70E-DD330FDF9755}.Debug|x86.Build.0 = Debug|Win32
		{08699A48-0A84-43D2-B70E-DD330FDF9755}.Release|x64.ActiveCfg = Release|x64
		{08699A48-0A84-43D2-B70E-DD330FDF9755}.Release|x64.Build.0 = Release|x64
		{08699A48-0A84-43D2-B70E-DD330FDF9755}.Release|x86.ActiveCfg = Release|Win32
		{08699A48-0A84-43D2-B70E-DD330FDF9755}.Release|x86.Build.0 = Release|Win32
		{2DB7FE7E-BC24-43C1-9726-7E647771D7E9}.Debug|x64.ActiveCfg = Debug|x64
		{2DB7FE7E-BC24-43C1-9726-7E647771D7E9}.Debug|x64.Build.0 = Debug|x64
		{2DB7FE7E-BC24-43C1-9726-7E647771D7E9}.Debug|x86.ActiveCfg = Debug|Win32
		{2DB7FE7E-BC24-43C1-9726-7E647771D7E9}.Debug|x86.Build.0 = Debug|Win32
		{2DB7FE7E-BC24-43C1-9726-7E647771D7E9}.Release|x64.ActiveCfg = Release|x64
		{2DB7FE7E-BC24-43C1-9726-7E647771D7E9}.Release|x64.Build.0 = Release|x64
		{2DB7FE7E-BC24-43C1-9726-7E647771D7E9}.Release|x86.ActiveCfg = Release|Win32
		{2DB7FE7E-BC24-43C1-9726-7E647771D7E9}.Release|x86.Build.0 = Release|Win32
		{617B474B-ADC7-4CC3-A677-0B262B73C57F}.Debug|x64.ActiveCfg = Debug|x64
		{617B474B-ADC7-4CC3-A677-0B262B73C57F}.Debug|x64.Build.0 = Debug|x64
		{617B474B-ADC7-4CC3-A677-0B262B73C57F}.Debug|x86.ActiveCfg = Debug|Win32
		{617B474B-ADC7-4CC3-A677-0B262B73C57F}.Debug|x86.Build.0 = Debug|Win32
		{617B474B-ADC7-4CC3-A677-0B262B73C57F}.Release|x64.ActiveCfg = Release|x64
		{617B474B-ADC7-4CC3-A677-0B262B73C57F}.Release|x64.Build.0 = Release|x64
		{617B474B-ADC7-4CC3-A677-0B262B73C57F}.Release|x86.ActiveCfg = Release|Win32
		{617B474B-ADC7-4CC3-A677-0B262B73C57F}.Release|x86.Build.0 = Release|Win32
		{DBA52FF4-338C-4ED3-8F13-FCD28833AA2B}.Debug|x64.ActiveCfg = Debug|x64
		{DBA52FF4-338C-4ED3-8F13-FCD28833AA2B}.Debug|x64.Build.0 = Debug|x64
		{DBA52FF4-338C-4ED3-8F13-FCD28833AA2B}.Debug|x86.ActiveCfg = Debug|Win32
		{DBA52FF4-338C-4ED3-8F13-FCD28833AA2B}.Debug|x86.Build.0 = Debug|Win32
		{DBA52FF4-338C-4ED3-8F13-FCD28833AA2B}.Release|x64.ActiveCfg = Release|x64
		{DBA52FF4-338C-4ED3-8F13-FCD28833AA2B}.Release|x64.Build.0 = Release|x64
		{DBA52FF4-338C-4ED3-8F13-FCD28833AA2B}.Release|x86.ActiveCfg = Release|Win32
		{DBA52FF4-338C-4ED3-8F13-FCD28833AA2B}.Release|x86.Build.0 = Release|Win32
		{10098056-FB79-4288-907F-74042CDE19D5}.Debug|x64.ActiveCfg = Debug|x64
		{10098056-FB79-4288-907F-74042CDE19D5}.Debug|x64.Build.0 = Debug|x64
		{10098056-FB79-4288-907F-74042CDE19D5}.Debug|x86.ActiveCfg = Debug|Win32
		{10098056-FB79-4288-907F-74042CDE19D5}.Debug|x86.Build.0 = Debug|Win32
		{10098056-FB79-4288-907F-74042CDE19D5}.Release|x64.ActiveCfg = Release|x64
		{10098056-FB79-4288-907F-74042CDE19D5}.Release|x64.Build.0 = Release|x64
		{10098056-FB79-4288-907F-74042CDE19D5}.Release|x86.ActiveCfg = Release|Win32
		{10098056-FB79-4288-907F-74042CDE19D5}.Release|x86.Build.0 = Release|Win32
		{F2F26733-3149-4A2C-90D3-D289DBAE1408}.Debug|x64.ActiveCfg = Debug|x64
		{F2F26733-3149-4A2C-90D3-D289DBAE1408}.Debug|x64.Build.0 = Debug|x64
		{F2F26733-3149-4A2C-90D3-D289DBAE1408}.Debug|x86.ActiveCfg = Debug|Win32
		{F2F26733-3149-4A2C-90D3-D289DBAE1408}.Debug|x86.Build.0 = Debug|Win32
		{F2F26733-3149-4A2C-90D3-D289DBAE1408}.Release|x64.ActiveCfg = Release|x64
		{F2F26733-3149-4A2C-90D3-D289DBAE1408}.Release|x64.Build.0 = Release|x64
		{F2F26733-3149-4A2C-90D3-D289DBAE1408}.Release|x86.ActiveCfg = Release|Win32
		{F2F26733-3149-4A2C-90D3-D289DBAE1408}.Release|x86.Build.0 = Release|Win32
		{ADD292AB-6915-45FB-AC41-E6059976C85D}.Debug|x64.ActiveCfg = Debug|x64
		{ADD292AB-6915-45FB-AC41-E6059976C85D}.Debug|x64.Build.0 = Debug|x64
		{ADD292AB-6915-45FB-AC41-E6059976C85D}.Debug|x86.ActiveCfg = Debug|Win32
		{ADD292AB-6915-45FB-AC41-E6059976C85D}.Debug|x86.Build.0 = Debug|Win32
		{ADD292AB-6915-45FB-AC41-E6059976C85D}.Release|x64.ActiveCfg = Release|x64
		{ADD292AB-6915-45FB-AC41-E6059976C85D}.Release|x64.Build.0 = Release|x64
		{ADD292AB-6915-45FB-AC41-E6059976C85D}.Release|x86.ActiveCfg = Release|Win32
		{ADD292AB-6915-45FB-AC41-E6059976C85D}.Release|x86.Build.0 = Release|Win32
		{3DD0B684-B7A5-4528-AF47-1B03434567F1}.Debug|x64.ActiveCfg = Debug|x64
		{3DD0B684-B7A5-4528-AF47-1B03434567F1}.Debug|x64.Build.0 = Debug|x64
		{3DD0B684-B7A5-4528-AF47-1B03434567F1}.Debug|x86.ActiveCfg = Debug|Win32
		{3DD0B684-B7A5-4528-AF47-1B03434567F1}.Debug|x86.Build.0 = Debug|Win32
		{3DD0B684-B7A5-4528-AF47-1B03434567F1}.Release|x64.ActiveCfg = Release|x64
		{3DD0B684-B7A5-4528-AF47-1B03434567F1}.Release|x64.Build.0 = Release|x64
		{3DD0B684-B7A5-4528-AF47-1B03434567F1}.Release|x86.ActiveCfg = Release|Win32
		{3DD0B684-B7A5-4528-AF47-1B03434567F1}.Release|x86.Build.0 = Release|Win32
		{76087734-AC9C-4F04-88DA-17C275C67790}.Debug|x64.ActiveCfg = Debug|x64
		{76087734-AC9C-4F04-88DA-17C275C67790}.Debug|x64.Build.0 = Debug|x64
		{76087734-AC9C-4F04-88DA-17C275C67790}.Debug|x86.ActiveCfg = Debug|Win32
		{76087734-AC9C-4F04-88DA-17C275C67790}.Debug|x86.Build.0 = Debug|Win32
		{76087734-AC9C-4F04-88DA-17C275C67790}.Release|x64.ActiveCfg = Release|x64
		{76087734-AC9C-4F04-88DA-17C275C67790}.Release|x64.Build.0 = Release|x64
		{76087734-AC9C-4F04-88DA-17C275C67790}.Release|x86.ActiveCfg = Release|Win32
		{76087734-AC9C-4F04-88DA-17C275C67790}.Release|x86.Build.0 = Release|Win32
		{1B494006-A806-457F-A356-AE289681CB35}.Debug|x64.ActiveCfg = Debug|x64
		{1B494006-A806-457F-A356-AE289681CB35}.Debug|x64.Build.0 = Debug|x64
		{1B494006-A806-457F-A356-AE289681CB35}.Debug|x86.ActiveCfg = Debug|Win32
		{1B494006-A806-457F-A356-AE289681CB35}.Debug|x86.Build.0 = Debug|Win32
		{1B494006-A806-457F-A356-AE289681CB35}.Release|x64.ActiveCfg = Release|x64
		{1B494006-A806-457F-A356-AE289681CB35}.Release|x64.Build.0 = Release|x64
		{1B494006-A806-457F-A356-AE289681CB35}.Release|x86.ActiveCfg = Release|Win32
		{1B494006-A806-457F-A356-AE289681CB35}.Release|x86.Build.0 = Release|Win32
		{21C444C8-1AFA-4247-88C9-9740076AF1B6}.Debug|x64.ActiveCfg = Debug|x64
		{21C444C8-1AFA-4247-88C9-9740076AF1B6}.Debug|x64.Build.0 = Debug|x64
		{21C444C8-1AFA-4247-88C9-9740076AF1B6}.Debug|x86.ActiveCfg = Debug|Win32
		{21C444C8-1AFA-4247-88C9-9740076AF1B6}.Debug|x86.Build.0 = Debug|Win32
		{21C444C8-1AFA-4247-88C9-9740076AF1B6}.Release|x64.ActiveCfg = Release|x64
		{21C444C8-1AFA-4247-88C9-9740076AF1B6}.Release|x64.Build.0 = Release|x64
		{21C444C8-1AFA-4247-88C9-9740076AF1B6}.Release|x86.ActiveCfg = Release|Win32
		{21C444C8-1AFA-4247-88C9-9740076AF1B6}.Release|x86.Build.0 = Release|Win32
	EndGlobalSection
	GlobalSection(SolutionProperties) = preSolution
		HideSolutionNode = FALSE
	EndGlobalSection
EndGlobal
