
Microsoft Visual Studio Solution File, Format Version 12.00
# Visual Studio 14
VisualStudioVersion = 14.0.25123.0
MinimumVisualStudioVersion = 10.0.40219.1
Project("{8BC9CEB8-8B4A-11D0-8D11-00A0C91BC942}") = "cco11p4", "cco11p4\cco11p4.vcxproj", "{E2EBB630-D8D2-4AC1-9540-482815C67E49}"
EndProject
Global
	GlobalSection(SolutionConfigurationPlatforms) = preSolution
		Debug|x64 = Debug|x64
		Debug|x86 = Debug|x86
		Release|x64 = Release|x64
		Release|x86 = Release|x86
	EndGlobalSection
	GlobalSection(ProjectConfigurationPlatforms) = postSolution
		{E2EBB630-D8D2-4AC1-9540-482815C67E49}.Debug|x64.ActiveCfg = Debug|x64
		{E2EBB630-D8D2-4AC1-9540-482815C67E49}.Debug|x64.Build.0 = Debug|x64
		{E2EBB630-D8D2-4AC1-9540-482815C67E49}.Debug|x86.ActiveCfg = Debug|Win32
		{E2EBB630-D8D2-4AC1-9540-482815C67E49}.Debug|x86.Build.0 = Debug|Win32
		{E2EBB630-D8D2-4AC1-9540-482815C67E49}.Release|x64.ActiveCfg = Release|x64
		{E2EBB630-D8D2-4AC1-9540-482815C67E49}.Release|x64.Build.0 = Release|x64
		{E2EBB630-D8D2-4AC1-9540-482815C67E49}.Release|x86.ActiveCfg = Release|Win32
		{E2EBB630-D8D2-4AC1-9540-482815C67E49}.Release|x86.Build.0 = Release|Win32
	EndGlobalSection
	GlobalSection(SolutionProperties) = preSolution
		HideSolutionNode = FALSE
	EndGlobalSection
EndGlobal
